// !$*UTF8*$!
{
	archiveVersion = 1;
	classes = {
	};
	objectVersion = 56;
	objects = {

/* Begin PBXBuildFile section */
		029D4FA829B7D2D5008F090C /* Assets.xcassets in Resources */ = {isa = PBXBuildFile; fileRef = 029D4FA729B7D2D5008F090C /* Assets.xcassets */; };
		029D4FAD29B7EF63008F090C /* RegisterScreen.swift in Sources */ = {isa = PBXBuildFile; fileRef = 029D4FAC29B7EF63008F090C /* RegisterScreen.swift */; };
		029D4FAF29B7EF79008F090C /* RegisterViewController.swift in Sources */ = {isa = PBXBuildFile; fileRef = 029D4FAE29B7EF79008F090C /* RegisterViewController.swift */; };
		029D4FB129B7EF8D008F090C /* RegisterViewModel.swift in Sources */ = {isa = PBXBuildFile; fileRef = 029D4FB029B7EF8D008F090C /* RegisterViewModel.swift */; };
		029D4FB329B808C5008F090C /* GoogleService-Info.plist in Resources */ = {isa = PBXBuildFile; fileRef = 029D4FB229B808C5008F090C /* GoogleService-Info.plist */; };
		029D4FB629B81236008F090C /* FirebaseAuth in Frameworks */ = {isa = PBXBuildFile; productRef = 029D4FB529B81236008F090C /* FirebaseAuth */; };
		029D4FB829B81236008F090C /* FirebaseCrashlytics in Frameworks */ = {isa = PBXBuildFile; productRef = 029D4FB729B81236008F090C /* FirebaseCrashlytics */; };
		02F9C2C529B7C92000AB2895 /* AppDelegate.swift in Sources */ = {isa = PBXBuildFile; fileRef = 02F9C2C429B7C92000AB2895 /* AppDelegate.swift */; };
		02F9C2C729B7C92000AB2895 /* SceneDelegate.swift in Sources */ = {isa = PBXBuildFile; fileRef = 02F9C2C629B7C92000AB2895 /* SceneDelegate.swift */; };
		02F9C2D129B7C92100AB2895 /* LaunchScreen.storyboard in Resources */ = {isa = PBXBuildFile; fileRef = 02F9C2CF29B7C92100AB2895 /* LaunchScreen.storyboard */; };
		02F9C2F929B7C9A500AB2895 /* UIView + Extension.swift in Sources */ = {isa = PBXBuildFile; fileRef = 02F9C2D929B7C9A400AB2895 /* UIView + Extension.swift */; };
		02F9C2FA29B7C9A500AB2895 /* UIColor + Extension.swift in Sources */ = {isa = PBXBuildFile; fileRef = 02F9C2DA29B7C9A500AB2895 /* UIColor + Extension.swift */; };
		02F9C2FB29B7C9A500AB2895 /* HomeViewModel.swift in Sources */ = {isa = PBXBuildFile; fileRef = 02F9C2DD29B7C9A500AB2895 /* HomeViewModel.swift */; };
		02F9C2FC29B7C9A500AB2895 /* HomeViewController.swift in Sources */ = {isa = PBXBuildFile; fileRef = 02F9C2DE29B7C9A500AB2895 /* HomeViewController.swift */; };
		02F9C2FD29B7C9A500AB2895 /* PostsViewModel.swift in Sources */ = {isa = PBXBuildFile; fileRef = 02F9C2E229B7C9A500AB2895 /* PostsViewModel.swift */; };
		02F9C2FE29B7C9A500AB2895 /* PostsCollectionViewCell.swift in Sources */ = {isa = PBXBuildFile; fileRef = 02F9C2E329B7C9A500AB2895 /* PostsCollectionViewCell.swift */; };
		02F9C2FF29B7C9A500AB2895 /* PostCollectionViewCell.swift in Sources */ = {isa = PBXBuildFile; fileRef = 02F9C2E529B7C9A500AB2895 /* PostCollectionViewCell.swift */; };
		02F9C30029B7C9A500AB2895 /* PostCollectionViewCellScreen.swift in Sources */ = {isa = PBXBuildFile; fileRef = 02F9C2E729B7C9A500AB2895 /* PostCollectionViewCellScreen.swift */; };
		02F9C30129B7C9A500AB2895 /* PostsCollectionViewCellScreen.swift in Sources */ = {isa = PBXBuildFile; fileRef = 02F9C2E929B7C9A500AB2895 /* PostsCollectionViewCellScreen.swift */; };
		02F9C30229B7C9A500AB2895 /* StoriesViewModel.swift in Sources */ = {isa = PBXBuildFile; fileRef = 02F9C2EC29B7C9A500AB2895 /* StoriesViewModel.swift */; };
		02F9C30329B7C9A500AB2895 /* StoryCollectionViewCellScreen.swift in Sources */ = {isa = PBXBuildFile; fileRef = 02F9C2EF29B7C9A500AB2895 /* StoryCollectionViewCellScreen.swift */; };
		02F9C30429B7C9A500AB2895 /* StoryCollectionViewCell.swift in Sources */ = {isa = PBXBuildFile; fileRef = 02F9C2F029B7C9A500AB2895 /* StoryCollectionViewCell.swift */; };
		02F9C30529B7C9A500AB2895 /* StoriesCollectionViewCell.swift in Sources */ = {isa = PBXBuildFile; fileRef = 02F9C2F129B7C9A500AB2895 /* StoriesCollectionViewCell.swift */; };
		02F9C30629B7C9A500AB2895 /* StoriesCollectionViewCellScreen.swift in Sources */ = {isa = PBXBuildFile; fileRef = 02F9C2F329B7C9A500AB2895 /* StoriesCollectionViewCellScreen.swift */; };
		02F9C30729B7C9A500AB2895 /* HomeScreen.swift in Sources */ = {isa = PBXBuildFile; fileRef = 02F9C2F529B7C9A500AB2895 /* HomeScreen.swift */; };
		02F9C30829B7C9A500AB2895 /* Post.swift in Sources */ = {isa = PBXBuildFile; fileRef = 02F9C2F729B7C9A500AB2895 /* Post.swift */; };
		02F9C30929B7C9A500AB2895 /* Story.swift in Sources */ = {isa = PBXBuildFile; fileRef = 02F9C2F829B7C9A500AB2895 /* Story.swift */; };
		02F9C31329B7D03700AB2895 /* LoginViewController.swift in Sources */ = {isa = PBXBuildFile; fileRef = 02F9C31229B7D03700AB2895 /* LoginViewController.swift */; };
		02F9C31529B7D04B00AB2895 /* LoginScreen.swift in Sources */ = {isa = PBXBuildFile; fileRef = 02F9C31429B7D04B00AB2895 /* LoginScreen.swift */; };
		02F9C31729B7D06300AB2895 /* LoginViewModel.swift in Sources */ = {isa = PBXBuildFile; fileRef = 02F9C31629B7D06300AB2895 /* LoginViewModel.swift */; };
		E11DD332B50987CF694C9922 /* Pods_BackFront_Firebase_Crashlytics.framework in Frameworks */ = {isa = PBXBuildFile; fileRef = C62582A7E0B1A56D5CB48826 /* Pods_BackFront_Firebase_Crashlytics.framework */; };
/* End PBXBuildFile section */

/* Begin PBXFileReference section */
		029D4FA729B7D2D5008F090C /* Assets.xcassets */ = {isa = PBXFileReference; lastKnownFileType = folder.assetcatalog; name = Assets.xcassets; path = "../../BackFront-Posts-Stories/BackFront-Posts-Stories/Assets.xcassets"; sourceTree = "<group>"; };
		029D4FAC29B7EF63008F090C /* RegisterScreen.swift */ = {isa = PBXFileReference; lastKnownFileType = sourcecode.swift; path = RegisterScreen.swift; sourceTree = "<group>"; };
		029D4FAE29B7EF79008F090C /* RegisterViewController.swift */ = {isa = PBXFileReference; lastKnownFileType = sourcecode.swift; path = RegisterViewController.swift; sourceTree = "<group>"; };
		029D4FB029B7EF8D008F090C /* RegisterViewModel.swift */ = {isa = PBXFileReference; lastKnownFileType = sourcecode.swift; path = RegisterViewModel.swift; sourceTree = "<group>"; };
		029D4FB229B808C5008F090C /* GoogleService-Info.plist */ = {isa = PBXFileReference; fileEncoding = 4; lastKnownFileType = text.plist.xml; path = "GoogleService-Info.plist"; sourceTree = "<group>"; };
		02F9C2C129B7C92000AB2895 /* BackFront-Firebase-Crashlytics.app */ = {isa = PBXFileReference; explicitFileType = wrapper.application; includeInIndex = 0; path = "BackFront-Firebase-Crashlytics.app"; sourceTree = BUILT_PRODUCTS_DIR; };
		02F9C2C429B7C92000AB2895 /* AppDelegate.swift */ = {isa = PBXFileReference; lastKnownFileType = sourcecode.swift; path = AppDelegate.swift; sourceTree = "<group>"; };
		02F9C2C629B7C92000AB2895 /* SceneDelegate.swift */ = {isa = PBXFileReference; lastKnownFileType = sourcecode.swift; path = SceneDelegate.swift; sourceTree = "<group>"; };
		02F9C2D029B7C92100AB2895 /* Base */ = {isa = PBXFileReference; lastKnownFileType = file.storyboard; name = Base; path = Base.lproj/LaunchScreen.storyboard; sourceTree = "<group>"; };
		02F9C2D229B7C92100AB2895 /* Info.plist */ = {isa = PBXFileReference; lastKnownFileType = text.plist.xml; path = Info.plist; sourceTree = "<group>"; };
		02F9C2D929B7C9A400AB2895 /* UIView + Extension.swift */ = {isa = PBXFileReference; fileEncoding = 4; lastKnownFileType = sourcecode.swift; path = "UIView + Extension.swift"; sourceTree = "<group>"; };
		02F9C2DA29B7C9A500AB2895 /* UIColor + Extension.swift */ = {isa = PBXFileReference; fileEncoding = 4; lastKnownFileType = sourcecode.swift; path = "UIColor + Extension.swift"; sourceTree = "<group>"; };
		02F9C2DD29B7C9A500AB2895 /* HomeViewModel.swift */ = {isa = PBXFileReference; fileEncoding = 4; lastKnownFileType = sourcecode.swift; path = HomeViewModel.swift; sourceTree = "<group>"; };
		02F9C2DE29B7C9A500AB2895 /* HomeViewController.swift */ = {isa = PBXFileReference; fileEncoding = 4; lastKnownFileType = sourcecode.swift; path = HomeViewController.swift; sourceTree = "<group>"; };
		02F9C2E229B7C9A500AB2895 /* PostsViewModel.swift */ = {isa = PBXFileReference; fileEncoding = 4; lastKnownFileType = sourcecode.swift; path = PostsViewModel.swift; sourceTree = "<group>"; };
		02F9C2E329B7C9A500AB2895 /* PostsCollectionViewCell.swift */ = {isa = PBXFileReference; fileEncoding = 4; lastKnownFileType = sourcecode.swift; path = PostsCollectionViewCell.swift; sourceTree = "<group>"; };
		02F9C2E529B7C9A500AB2895 /* PostCollectionViewCell.swift */ = {isa = PBXFileReference; fileEncoding = 4; lastKnownFileType = sourcecode.swift; path = PostCollectionViewCell.swift; sourceTree = "<group>"; };
		02F9C2E729B7C9A500AB2895 /* PostCollectionViewCellScreen.swift */ = {isa = PBXFileReference; fileEncoding = 4; lastKnownFileType = sourcecode.swift; path = PostCollectionViewCellScreen.swift; sourceTree = "<group>"; };
		02F9C2E929B7C9A500AB2895 /* PostsCollectionViewCellScreen.swift */ = {isa = PBXFileReference; fileEncoding = 4; lastKnownFileType = sourcecode.swift; path = PostsCollectionViewCellScreen.swift; sourceTree = "<group>"; };
		02F9C2EC29B7C9A500AB2895 /* StoriesViewModel.swift */ = {isa = PBXFileReference; fileEncoding = 4; lastKnownFileType = sourcecode.swift; path = StoriesViewModel.swift; sourceTree = "<group>"; };
		02F9C2EF29B7C9A500AB2895 /* StoryCollectionViewCellScreen.swift */ = {isa = PBXFileReference; fileEncoding = 4; lastKnownFileType = sourcecode.swift; path = StoryCollectionViewCellScreen.swift; sourceTree = "<group>"; };
		02F9C2F029B7C9A500AB2895 /* StoryCollectionViewCell.swift */ = {isa = PBXFileReference; fileEncoding = 4; lastKnownFileType = sourcecode.swift; path = StoryCollectionViewCell.swift; sourceTree = "<group>"; };
		02F9C2F129B7C9A500AB2895 /* StoriesCollectionViewCell.swift */ = {isa = PBXFileReference; fileEncoding = 4; lastKnownFileType = sourcecode.swift; path = StoriesCollectionViewCell.swift; sourceTree = "<group>"; };
		02F9C2F329B7C9A500AB2895 /* StoriesCollectionViewCellScreen.swift */ = {isa = PBXFileReference; fileEncoding = 4; lastKnownFileType = sourcecode.swift; path = StoriesCollectionViewCellScreen.swift; sourceTree = "<group>"; };
		02F9C2F529B7C9A500AB2895 /* HomeScreen.swift */ = {isa = PBXFileReference; fileEncoding = 4; lastKnownFileType = sourcecode.swift; path = HomeScreen.swift; sourceTree = "<group>"; };
		02F9C2F729B7C9A500AB2895 /* Post.swift */ = {isa = PBXFileReference; fileEncoding = 4; lastKnownFileType = sourcecode.swift; path = Post.swift; sourceTree = "<group>"; };
		02F9C2F829B7C9A500AB2895 /* Story.swift */ = {isa = PBXFileReference; fileEncoding = 4; lastKnownFileType = sourcecode.swift; path = Story.swift; sourceTree = "<group>"; };
		02F9C31229B7D03700AB2895 /* LoginViewController.swift */ = {isa = PBXFileReference; lastKnownFileType = sourcecode.swift; path = LoginViewController.swift; sourceTree = "<group>"; };
		02F9C31429B7D04B00AB2895 /* LoginScreen.swift */ = {isa = PBXFileReference; lastKnownFileType = sourcecode.swift; path = LoginScreen.swift; sourceTree = "<group>"; };
		02F9C31629B7D06300AB2895 /* LoginViewModel.swift */ = {isa = PBXFileReference; lastKnownFileType = sourcecode.swift; path = LoginViewModel.swift; sourceTree = "<group>"; };
		8CD247753095576DB0ACB51F /* Pods-BackFront-Firebase-Crashlytics.debug.xcconfig */ = {isa = PBXFileReference; includeInIndex = 1; lastKnownFileType = text.xcconfig; name = "Pods-BackFront-Firebase-Crashlytics.debug.xcconfig"; path = "Target Support Files/Pods-BackFront-Firebase-Crashlytics/Pods-BackFront-Firebase-Crashlytics.debug.xcconfig"; sourceTree = "<group>"; };
		B301A82CFBF16316AA5925FC /* Pods-BackFront-Firebase-Crashlytics.release.xcconfig */ = {isa = PBXFileReference; includeInIndex = 1; lastKnownFileType = text.xcconfig; name = "Pods-BackFront-Firebase-Crashlytics.release.xcconfig"; path = "Target Support Files/Pods-BackFront-Firebase-Crashlytics/Pods-BackFront-Firebase-Crashlytics.release.xcconfig"; sourceTree = "<group>"; };
		C62582A7E0B1A56D5CB48826 /* Pods_BackFront_Firebase_Crashlytics.framework */ = {isa = PBXFileReference; explicitFileType = wrapper.framework; includeInIndex = 0; path = Pods_BackFront_Firebase_Crashlytics.framework; sourceTree = BUILT_PRODUCTS_DIR; };
/* End PBXFileReference section */

/* Begin PBXFrameworksBuildPhase section */
		02F9C2BE29B7C92000AB2895 /* Frameworks */ = {
			isa = PBXFrameworksBuildPhase;
			buildActionMask = 2147483647;
			files = (
				029D4FB829B81236008F090C /* FirebaseCrashlytics in Frameworks */,
				E11DD332B50987CF694C9922 /* Pods_BackFront_Firebase_Crashlytics.framework in Frameworks */,
				029D4FB629B81236008F090C /* FirebaseAuth in Frameworks */,
			);
			runOnlyForDeploymentPostprocessing = 0;
		};
/* End PBXFrameworksBuildPhase section */

/* Begin PBXGroup section */
		029D4FA929B7EF12008F090C /* ViewController */ = {
			isa = PBXGroup;
			children = (
				029D4FAE29B7EF79008F090C /* RegisterViewController.swift */,
			);
			path = ViewController;
			sourceTree = "<group>";
		};
		029D4FAA29B7EF2F008F090C /* Screen */ = {
			isa = PBXGroup;
			children = (
				029D4FAC29B7EF63008F090C /* RegisterScreen.swift */,
			);
			path = Screen;
			sourceTree = "<group>";
		};
		029D4FAB29B7EF3A008F090C /* ViewModel */ = {
			isa = PBXGroup;
			children = (
				029D4FB029B7EF8D008F090C /* RegisterViewModel.swift */,
			);
			path = ViewModel;
			sourceTree = "<group>";
		};
		02F9C2B829B7C92000AB2895 = {
			isa = PBXGroup;
			children = (
				02F9C2C329B7C92000AB2895 /* BackFront-Firebase-Crashlytics */,
				02F9C2C229B7C92000AB2895 /* Products */,
				5FC9094ACB9D26CAD2B2090F /* Pods */,
				DA0017C7381BB4FC22E238FA /* Frameworks */,
			);
			sourceTree = "<group>";
		};
		02F9C2C229B7C92000AB2895 /* Products */ = {
			isa = PBXGroup;
			children = (
				02F9C2C129B7C92000AB2895 /* BackFront-Firebase-Crashlytics.app */,
			);
			name = Products;
			sourceTree = "<group>";
		};
		02F9C2C329B7C92000AB2895 /* BackFront-Firebase-Crashlytics */ = {
			isa = PBXGroup;
			children = (
				02F9C2F629B7C9A500AB2895 /* Model */,
				02F9C2D829B7C9A400AB2895 /* Extension */,
				02F9C2DB29B7C9A500AB2895 /* Home */,
				02F9C31829B7D07000AB2895 /* Register */,
				02F9C30E29B7CFEC00AB2895 /* Login */,
				02F9C2C429B7C92000AB2895 /* AppDelegate.swift */,
				02F9C2C629B7C92000AB2895 /* SceneDelegate.swift */,
				02F9C2CF29B7C92100AB2895 /* LaunchScreen.storyboard */,
				029D4FA729B7D2D5008F090C /* Assets.xcassets */,
				029D4FB229B808C5008F090C /* GoogleService-Info.plist */,
				02F9C2D229B7C92100AB2895 /* Info.plist */,
			);
			path = "BackFront-Firebase-Crashlytics";
			sourceTree = "<group>";
		};
		02F9C2D829B7C9A400AB2895 /* Extension */ = {
			isa = PBXGroup;
			children = (
				02F9C2D929B7C9A400AB2895 /* UIView + Extension.swift */,
				02F9C2DA29B7C9A500AB2895 /* UIColor + Extension.swift */,
			);
			path = Extension;
			sourceTree = "<group>";
		};
		02F9C2DB29B7C9A500AB2895 /* Home */ = {
			isa = PBXGroup;
			children = (
				02F9C2DF29B7C9A500AB2895 /* Cell */,
				02F9C2DC29B7C9A500AB2895 /* ViewModel */,
				02F9C30C29B7CA1400AB2895 /* ViewController */,
				02F9C2F429B7C9A500AB2895 /* Screen */,
			);
			path = Home;
			sourceTree = "<group>";
		};
		02F9C2DC29B7C9A500AB2895 /* ViewModel */ = {
			isa = PBXGroup;
			children = (
				02F9C2DD29B7C9A500AB2895 /* HomeViewModel.swift */,
			);
			path = ViewModel;
			sourceTree = "<group>";
		};
		02F9C2DF29B7C9A500AB2895 /* Cell */ = {
			isa = PBXGroup;
			children = (
				02F9C2E029B7C9A500AB2895 /* Posts */,
				02F9C2EA29B7C9A500AB2895 /* Stories */,
			);
			path = Cell;
			sourceTree = "<group>";
		};
		02F9C2E029B7C9A500AB2895 /* Posts */ = {
			isa = PBXGroup;
			children = (
				02F9C2E129B7C9A500AB2895 /* ViewModel */,
				02F9C2E329B7C9A500AB2895 /* PostsCollectionViewCell.swift */,
				02F9C2E429B7C9A500AB2895 /* Cell */,
				02F9C2E829B7C9A500AB2895 /* Screen */,
			);
			path = Posts;
			sourceTree = "<group>";
		};
		02F9C2E129B7C9A500AB2895 /* ViewModel */ = {
			isa = PBXGroup;
			children = (
				02F9C2E229B7C9A500AB2895 /* PostsViewModel.swift */,
			);
			path = ViewModel;
			sourceTree = "<group>";
		};
		02F9C2E429B7C9A500AB2895 /* Cell */ = {
			isa = PBXGroup;
			children = (
				02F9C2E529B7C9A500AB2895 /* PostCollectionViewCell.swift */,
				02F9C2E629B7C9A500AB2895 /* Screen */,
			);
			path = Cell;
			sourceTree = "<group>";
		};
		02F9C2E629B7C9A500AB2895 /* Screen */ = {
			isa = PBXGroup;
			children = (
				02F9C2E729B7C9A500AB2895 /* PostCollectionViewCellScreen.swift */,
			);
			path = Screen;
			sourceTree = "<group>";
		};
		02F9C2E829B7C9A500AB2895 /* Screen */ = {
			isa = PBXGroup;
			children = (
				02F9C2E929B7C9A500AB2895 /* PostsCollectionViewCellScreen.swift */,
			);
			path = Screen;
			sourceTree = "<group>";
		};
		02F9C2EA29B7C9A500AB2895 /* Stories */ = {
			isa = PBXGroup;
			children = (
				02F9C2ED29B7C9A500AB2895 /* Cell */,
				02F9C2EB29B7C9A500AB2895 /* ViewModel */,
				02F9C2F229B7C9A500AB2895 /* Screen */,
				02F9C2F129B7C9A500AB2895 /* StoriesCollectionViewCell.swift */,
			);
			path = Stories;
			sourceTree = "<group>";
		};
		02F9C2EB29B7C9A500AB2895 /* ViewModel */ = {
			isa = PBXGroup;
			children = (
				02F9C2EC29B7C9A500AB2895 /* StoriesViewModel.swift */,
			);
			path = ViewModel;
			sourceTree = "<group>";
		};
		02F9C2ED29B7C9A500AB2895 /* Cell */ = {
			isa = PBXGroup;
			children = (
				02F9C2EE29B7C9A500AB2895 /* Screen */,
				02F9C2F029B7C9A500AB2895 /* StoryCollectionViewCell.swift */,
			);
			path = Cell;
			sourceTree = "<group>";
		};
		02F9C2EE29B7C9A500AB2895 /* Screen */ = {
			isa = PBXGroup;
			children = (
				02F9C2EF29B7C9A500AB2895 /* StoryCollectionViewCellScreen.swift */,
			);
			path = Screen;
			sourceTree = "<group>";
		};
		02F9C2F229B7C9A500AB2895 /* Screen */ = {
			isa = PBXGroup;
			children = (
				02F9C2F329B7C9A500AB2895 /* StoriesCollectionViewCellScreen.swift */,
			);
			path = Screen;
			sourceTree = "<group>";
		};
		02F9C2F429B7C9A500AB2895 /* Screen */ = {
			isa = PBXGroup;
			children = (
				02F9C2F529B7C9A500AB2895 /* HomeScreen.swift */,
			);
			path = Screen;
			sourceTree = "<group>";
		};
		02F9C2F629B7C9A500AB2895 /* Model */ = {
			isa = PBXGroup;
			children = (
				02F9C2F729B7C9A500AB2895 /* Post.swift */,
				02F9C2F829B7C9A500AB2895 /* Story.swift */,
			);
			path = Model;
			sourceTree = "<group>";
		};
		02F9C30C29B7CA1400AB2895 /* ViewController */ = {
			isa = PBXGroup;
			children = (
				02F9C2DE29B7C9A500AB2895 /* HomeViewController.swift */,
			);
			path = ViewController;
			sourceTree = "<group>";
		};
		02F9C30E29B7CFEC00AB2895 /* Login */ = {
			isa = PBXGroup;
			children = (
				02F9C30F29B7CFFB00AB2895 /* ViewModel */,
				02F9C31129B7D00E00AB2895 /* ViewController */,
				02F9C31029B7D00200AB2895 /* Screen */,
			);
			path = Login;
			sourceTree = "<group>";
		};
		02F9C30F29B7CFFB00AB2895 /* ViewModel */ = {
			isa = PBXGroup;
			children = (
				02F9C31629B7D06300AB2895 /* LoginViewModel.swift */,
			);
			path = ViewModel;
			sourceTree = "<group>";
		};
		02F9C31029B7D00200AB2895 /* Screen */ = {
			isa = PBXGroup;
			children = (
				02F9C31429B7D04B00AB2895 /* LoginScreen.swift */,
			);
			path = Screen;
			sourceTree = "<group>";
		};
		02F9C31129B7D00E00AB2895 /* ViewController */ = {
			isa = PBXGroup;
			children = (
				02F9C31229B7D03700AB2895 /* LoginViewController.swift */,
			);
			path = ViewController;
			sourceTree = "<group>";
		};
		02F9C31829B7D07000AB2895 /* Register */ = {
			isa = PBXGroup;
			children = (
				029D4FAB29B7EF3A008F090C /* ViewModel */,
				029D4FA929B7EF12008F090C /* ViewController */,
				029D4FAA29B7EF2F008F090C /* Screen */,
			);
			path = Register;
			sourceTree = "<group>";
		};
		5FC9094ACB9D26CAD2B2090F /* Pods */ = {
			isa = PBXGroup;
			children = (
				8CD247753095576DB0ACB51F /* Pods-BackFront-Firebase-Crashlytics.debug.xcconfig */,
				B301A82CFBF16316AA5925FC /* Pods-BackFront-Firebase-Crashlytics.release.xcconfig */,
			);
			path = Pods;
			sourceTree = "<group>";
		};
		DA0017C7381BB4FC22E238FA /* Frameworks */ = {
			isa = PBXGroup;
			children = (
				C62582A7E0B1A56D5CB48826 /* Pods_BackFront_Firebase_Crashlytics.framework */,
			);
			name = Frameworks;
			sourceTree = "<group>";
		};
/* End PBXGroup section */

/* Begin PBXNativeTarget section */
		02F9C2C029B7C92000AB2895 /* BackFront-Firebase-Crashlytics */ = {
			isa = PBXNativeTarget;
			buildConfigurationList = 02F9C2D529B7C92100AB2895 /* Build configuration list for PBXNativeTarget "BackFront-Firebase-Crashlytics" */;
			buildPhases = (
				A0CB84D564CB63AC8D7CF48D /* [CP] Check Pods Manifest.lock */,
				02F9C2BD29B7C92000AB2895 /* Sources */,
				02F9C2BE29B7C92000AB2895 /* Frameworks */,
				02F9C2BF29B7C92000AB2895 /* Resources */,
				977C1FBF1293C83555310390 /* [CP] Embed Pods Frameworks */,
				029D4FB929B813B7008F090C /* ShellScript */,
			);
			buildRules = (
			);
			dependencies = (
			);
			name = "BackFront-Firebase-Crashlytics";
			packageProductDependencies = (
				029D4FB529B81236008F090C /* FirebaseAuth */,
				029D4FB729B81236008F090C /* FirebaseCrashlytics */,
			);
			productName = "BackFront-Firebase-Crashlytics";
			productReference = 02F9C2C129B7C92000AB2895 /* BackFront-Firebase-Crashlytics.app */;
			productType = "com.apple.product-type.application";
		};
/* End PBXNativeTarget section */

/* Begin PBXProject section */
		02F9C2B929B7C92000AB2895 /* Project object */ = {
			isa = PBXProject;
			attributes = {
				BuildIndependentTargetsInParallel = 1;
				LastSwiftUpdateCheck = 1420;
				LastUpgradeCheck = 1420;
				TargetAttributes = {
					02F9C2C029B7C92000AB2895 = {
						CreatedOnToolsVersion = 14.2;
					};
				};
			};
			buildConfigurationList = 02F9C2BC29B7C92000AB2895 /* Build configuration list for PBXProject "BackFront-Firebase-Crashlytics" */;
			compatibilityVersion = "Xcode 14.0";
			developmentRegion = en;
			hasScannedForEncodings = 0;
			knownRegions = (
				en,
				Base,
			);
			mainGroup = 02F9C2B829B7C92000AB2895;
			packageReferences = (
				029D4FB429B81235008F090C /* XCRemoteSwiftPackageReference "firebase-ios-sdk" */,
			);
			productRefGroup = 02F9C2C229B7C92000AB2895 /* Products */;
			projectDirPath = "";
			projectRoot = "";
			targets = (
				02F9C2C029B7C92000AB2895 /* BackFront-Firebase-Crashlytics */,
			);
		};
/* End PBXProject section */

/* Begin PBXResourcesBuildPhase section */
		02F9C2BF29B7C92000AB2895 /* Resources */ = {
			isa = PBXResourcesBuildPhase;
			buildActionMask = 2147483647;
			files = (
				029D4FA829B7D2D5008F090C /* Assets.xcassets in Resources */,
				02F9C2D129B7C92100AB2895 /* LaunchScreen.storyboard in Resources */,
				029D4FB329B808C5008F090C /* GoogleService-Info.plist in Resources */,
			);
			runOnlyForDeploymentPostprocessing = 0;
		};
/* End PBXResourcesBuildPhase section */

/* Begin PBXShellScriptBuildPhase section */
		029D4FB929B813B7008F090C /* ShellScript */ = {
			isa = PBXShellScriptBuildPhase;
			buildActionMask = 2147483647;
			files = (
			);
			inputFileListPaths = (
			);
			inputPaths = (
				"${DWARF_DSYM_FOLDER_PATH}/${DWARF_DSYM_FILE_NAME}/Contents/Resources/DWARF/${TARGET_NAME}",
				"$(SRCROOT)/$(BUILT_PRODUCTS_DIR)/$(INFOPLIST_PATH)",
			);
			outputFileListPaths = (
			);
			outputPaths = (
			);
			runOnlyForDeploymentPostprocessing = 0;
			shellPath = /bin/sh;
			shellScript = "\"${BUILD_DIR%/Build/*}/SourcePackages/checkouts/firebase-ios-sdk/Crashlytics/run\"\n";
		};
		977C1FBF1293C83555310390 /* [CP] Embed Pods Frameworks */ = {
			isa = PBXShellScriptBuildPhase;
			buildActionMask = 2147483647;
			files = (
			);
			inputFileListPaths = (
				"${PODS_ROOT}/Target Support Files/Pods-BackFront-Firebase-Crashlytics/Pods-BackFront-Firebase-Crashlytics-frameworks-${CONFIGURATION}-input-files.xcfilelist",
			);
			name = "[CP] Embed Pods Frameworks";
			outputFileListPaths = (
				"${PODS_ROOT}/Target Support Files/Pods-BackFront-Firebase-Crashlytics/Pods-BackFront-Firebase-Crashlytics-frameworks-${CONFIGURATION}-output-files.xcfilelist",
			);
			runOnlyForDeploymentPostprocessing = 0;
			shellPath = /bin/sh;
			shellScript = "\"${PODS_ROOT}/Target Support Files/Pods-BackFront-Firebase-Crashlytics/Pods-BackFront-Firebase-Crashlytics-frameworks.sh\"\n";
			showEnvVarsInLog = 0;
		};
		A0CB84D564CB63AC8D7CF48D /* [CP] Check Pods Manifest.lock */ = {
			isa = PBXShellScriptBuildPhase;
			buildActionMask = 2147483647;
			files = (
			);
			inputFileListPaths = (
			);
			inputPaths = (
				"${PODS_PODFILE_DIR_PATH}/Podfile.lock",
				"${PODS_ROOT}/Manifest.lock",
			);
			name = "[CP] Check Pods Manifest.lock";
			outputFileListPaths = (
			);
			outputPaths = (
				"$(DERIVED_FILE_DIR)/Pods-BackFront-Firebase-Crashlytics-checkManifestLockResult.txt",
			);
			runOnlyForDeploymentPostprocessing = 0;
			shellPath = /bin/sh;
			shellScript = "diff \"${PODS_PODFILE_DIR_PATH}/Podfile.lock\" \"${PODS_ROOT}/Manifest.lock\" > /dev/null\nif [ $? != 0 ] ; then\n    # print error to STDERR\n    echo \"error: The sandbox is not in sync with the Podfile.lock. Run 'pod install' or update your CocoaPods installation.\" >&2\n    exit 1\nfi\n# This output is used by Xcode 'outputs' to avoid re-running this script phase.\necho \"SUCCESS\" > \"${SCRIPT_OUTPUT_FILE_0}\"\n";
			showEnvVarsInLog = 0;
		};
/* End PBXShellScriptBuildPhase section */

/* Begin PBXSourcesBuildPhase section */
		02F9C2BD29B7C92000AB2895 /* Sources */ = {
			isa = PBXSourcesBuildPhase;
			buildActionMask = 2147483647;
			files = (
				02F9C2FF29B7C9A500AB2895 /* PostCollectionViewCell.swift in Sources */,
				029D4FB129B7EF8D008F090C /* RegisterViewModel.swift in Sources */,
				02F9C2F929B7C9A500AB2895 /* UIView + Extension.swift in Sources */,
				02F9C31729B7D06300AB2895 /* LoginViewModel.swift in Sources */,
				029D4FAF29B7EF79008F090C /* RegisterViewController.swift in Sources */,
				02F9C2FB29B7C9A500AB2895 /* HomeViewModel.swift in Sources */,
				02F9C30329B7C9A500AB2895 /* StoryCollectionViewCellScreen.swift in Sources */,
				02F9C2C529B7C92000AB2895 /* AppDelegate.swift in Sources */,
				02F9C2FD29B7C9A500AB2895 /* PostsViewModel.swift in Sources */,
				02F9C30129B7C9A500AB2895 /* PostsCollectionViewCellScreen.swift in Sources */,
				02F9C2C729B7C92000AB2895 /* SceneDelegate.swift in Sources */,
				02F9C31329B7D03700AB2895 /* LoginViewController.swift in Sources */,
				02F9C30029B7C9A500AB2895 /* PostCollectionViewCellScreen.swift in Sources */,
				02F9C30529B7C9A500AB2895 /* StoriesCollectionViewCell.swift in Sources */,
				02F9C31529B7D04B00AB2895 /* LoginScreen.swift in Sources */,
				02F9C30429B7C9A500AB2895 /* StoryCollectionViewCell.swift in Sources */,
				029D4FAD29B7EF63008F090C /* RegisterScreen.swift in Sources */,
				02F9C2FC29B7C9A500AB2895 /* HomeViewController.swift in Sources */,
				02F9C30229B7C9A500AB2895 /* StoriesViewModel.swift in Sources */,
				02F9C30729B7C9A500AB2895 /* HomeScreen.swift in Sources */,
				02F9C30629B7C9A500AB2895 /* StoriesCollectionViewCellScreen.swift in Sources */,
				02F9C30829B7C9A500AB2895 /* Post.swift in Sources */,
				02F9C2FA29B7C9A500AB2895 /* UIColor + Extension.swift in Sources */,
				02F9C2FE29B7C9A500AB2895 /* PostsCollectionViewCell.swift in Sources */,
				02F9C30929B7C9A500AB2895 /* Story.swift in Sources */,
			);
			runOnlyForDeploymentPostprocessing = 0;
		};
/* End PBXSourcesBuildPhase section */

/* Begin PBXVariantGroup section */
		02F9C2CF29B7C92100AB2895 /* LaunchScreen.storyboard */ = {
			isa = PBXVariantGroup;
			children = (
				02F9C2D029B7C92100AB2895 /* Base */,
			);
			name = LaunchScreen.storyboard;
			sourceTree = "<group>";
		};
/* End PBXVariantGroup section */

/* Begin XCBuildConfiguration section */
		02F9C2D329B7C92100AB2895 /* Debug */ = {
			isa = XCBuildConfiguration;
			buildSettings = {
				ALWAYS_SEARCH_USER_PATHS = NO;
				CLANG_ANALYZER_NONNULL = YES;
				CLANG_ANALYZER_NUMBER_OBJECT_CONVERSION = YES_AGGRESSIVE;
				CLANG_CXX_LANGUAGE_STANDARD = "gnu++20";
				CLANG_ENABLE_MODULES = YES;
				CLANG_ENABLE_OBJC_ARC = YES;
				CLANG_ENABLE_OBJC_WEAK = YES;
				CLANG_WARN_BLOCK_CAPTURE_AUTORELEASING = YES;
				CLANG_WARN_BOOL_CONVERSION = YES;
				CLANG_WARN_COMMA = YES;
				CLANG_WARN_CONSTANT_CONVERSION = YES;
				CLANG_WARN_DEPRECATED_OBJC_IMPLEMENTATIONS = YES;
				CLANG_WARN_DIRECT_OBJC_ISA_USAGE = YES_ERROR;
				CLANG_WARN_DOCUMENTATION_COMMENTS = YES;
				CLANG_WARN_EMPTY_BODY = YES;
				CLANG_WARN_ENUM_CONVERSION = YES;
				CLANG_WARN_INFINITE_RECURSION = YES;
				CLANG_WARN_INT_CONVERSION = YES;
				CLANG_WARN_NON_LITERAL_NULL_CONVERSION = YES;
				CLANG_WARN_OBJC_IMPLICIT_RETAIN_SELF = YES;
				CLANG_WARN_OBJC_LITERAL_CONVERSION = YES;
				CLANG_WARN_OBJC_ROOT_CLASS = YES_ERROR;
				CLANG_WARN_QUOTED_INCLUDE_IN_FRAMEWORK_HEADER = YES;
				CLANG_WARN_RANGE_LOOP_ANALYSIS = YES;
				CLANG_WARN_STRICT_PROTOTYPES = YES;
				CLANG_WARN_SUSPICIOUS_MOVE = YES;
				CLANG_WARN_UNGUARDED_AVAILABILITY = YES_AGGRESSIVE;
				CLANG_WARN_UNREACHABLE_CODE = YES;
				CLANG_WARN__DUPLICATE_METHOD_MATCH = YES;
				COPY_PHASE_STRIP = NO;
				DEBUG_INFORMATION_FORMAT = "dwarf-with-dsym";
				ENABLE_STRICT_OBJC_MSGSEND = YES;
				ENABLE_TESTABILITY = YES;
				GCC_C_LANGUAGE_STANDARD = gnu11;
				GCC_DYNAMIC_NO_PIC = NO;
				GCC_NO_COMMON_BLOCKS = YES;
				GCC_OPTIMIZATION_LEVEL = 0;
				GCC_PREPROCESSOR_DEFINITIONS = (
					"DEBUG=1",
					"$(inherited)",
				);
				GCC_WARN_64_TO_32_BIT_CONVERSION = YES;
				GCC_WARN_ABOUT_RETURN_TYPE = YES_ERROR;
				GCC_WARN_UNDECLARED_SELECTOR = YES;
				GCC_WARN_UNINITIALIZED_AUTOS = YES_AGGRESSIVE;
				GCC_WARN_UNUSED_FUNCTION = YES;
				GCC_WARN_UNUSED_VARIABLE = YES;
				IPHONEOS_DEPLOYMENT_TARGET = 16.2;
				MTL_ENABLE_DEBUG_INFO = INCLUDE_SOURCE;
				MTL_FAST_MATH = YES;
				ONLY_ACTIVE_ARCH = YES;
				SDKROOT = iphoneos;
				SWIFT_ACTIVE_COMPILATION_CONDITIONS = DEBUG;
				SWIFT_OPTIMIZATION_LEVEL = "-Onone";
			};
			name = Debug;
		};
		02F9C2D429B7C92100AB2895 /* Release */ = {
			isa = XCBuildConfiguration;
			buildSettings = {
				ALWAYS_SEARCH_USER_PATHS = NO;
				CLANG_ANALYZER_NONNULL = YES;
				CLANG_ANALYZER_NUMBER_OBJECT_CONVERSION = YES_AGGRESSIVE;
				CLANG_CXX_LANGUAGE_STANDARD = "gnu++20";
				CLANG_ENABLE_MODULES = YES;
				CLANG_ENABLE_OBJC_ARC = YES;
				CLANG_ENABLE_OBJC_WEAK = YES;
				CLANG_WARN_BLOCK_CAPTURE_AUTORELEASING = YES;
				CLANG_WARN_BOOL_CONVERSION = YES;
				CLANG_WARN_COMMA = YES;
				CLANG_WARN_CONSTANT_CONVERSION = YES;
				CLANG_WARN_DEPRECATED_OBJC_IMPLEMENTATIONS = YES;
				CLANG_WARN_DIRECT_OBJC_ISA_USAGE = YES_ERROR;
				CLANG_WARN_DOCUMENTATION_COMMENTS = YES;
				CLANG_WARN_EMPTY_BODY = YES;
				CLANG_WARN_ENUM_CONVERSION = YES;
				CLANG_WARN_INFINITE_RECURSION = YES;
				CLANG_WARN_INT_CONVERSION = YES;
				CLANG_WARN_NON_LITERAL_NULL_CONVERSION = YES;
				CLANG_WARN_OBJC_IMPLICIT_RETAIN_SELF = YES;
				CLANG_WARN_OBJC_LITERAL_CONVERSION = YES;
				CLANG_WARN_OBJC_ROOT_CLASS = YES_ERROR;
				CLANG_WARN_QUOTED_INCLUDE_IN_FRAMEWORK_HEADER = YES;
				CLANG_WARN_RANGE_LOOP_ANALYSIS = YES;
				CLANG_WARN_STRICT_PROTOTYPES = YES;
				CLANG_WARN_SUSPICIOUS_MOVE = YES;
				CLANG_WARN_UNGUARDED_AVAILABILITY = YES_AGGRESSIVE;
				CLANG_WARN_UNREACHABLE_CODE = YES;
				CLANG_WARN__DUPLICATE_METHOD_MATCH = YES;
				COPY_PHASE_STRIP = NO;
				DEBUG_INFORMATION_FORMAT = "dwarf-with-dsym";
				ENABLE_NS_ASSERTIONS = NO;
				ENABLE_STRICT_OBJC_MSGSEND = YES;
				GCC_C_LANGUAGE_STANDARD = gnu11;
				GCC_NO_COMMON_BLOCKS = YES;
				GCC_WARN_64_TO_32_BIT_CONVERSION = YES;
				GCC_WARN_ABOUT_RETURN_TYPE = YES_ERROR;
				GCC_WARN_UNDECLARED_SELECTOR = YES;
				GCC_WARN_UNINITIALIZED_AUTOS = YES_AGGRESSIVE;
				GCC_WARN_UNUSED_FUNCTION = YES;
				GCC_WARN_UNUSED_VARIABLE = YES;
				IPHONEOS_DEPLOYMENT_TARGET = 16.2;
				MTL_ENABLE_DEBUG_INFO = NO;
				MTL_FAST_MATH = YES;
				SDKROOT = iphoneos;
				SWIFT_COMPILATION_MODE = wholemodule;
				SWIFT_OPTIMIZATION_LEVEL = "-O";
				VALIDATE_PRODUCT = YES;
			};
			name = Release;
		};
		02F9C2D629B7C92100AB2895 /* Debug */ = {
			isa = XCBuildConfiguration;
			baseConfigurationReference = 8CD247753095576DB0ACB51F /* Pods-BackFront-Firebase-Crashlytics.debug.xcconfig */;
			buildSettings = {
				ASSETCATALOG_COMPILER_APPICON_NAME = AppIcon;
				ASSETCATALOG_COMPILER_GLOBAL_ACCENT_COLOR_NAME = AccentColor;
				CODE_SIGN_STYLE = Automatic;
				CURRENT_PROJECT_VERSION = 1;
				DEBUG_INFORMATION_FORMAT = "dwarf-with-dsym";
				GENERATE_INFOPLIST_FILE = YES;
				INFOPLIST_FILE = "BackFront-Firebase-Crashlytics/Info.plist";
				INFOPLIST_KEY_UIApplicationSupportsIndirectInputEvents = YES;
				INFOPLIST_KEY_UILaunchStoryboardName = LaunchScreen;
				INFOPLIST_KEY_UIMainStoryboardFile = "";
				INFOPLIST_KEY_UISupportedInterfaceOrientations_iPad = "UIInterfaceOrientationPortrait UIInterfaceOrientationPortraitUpsideDown UIInterfaceOrientationLandscapeLeft UIInterfaceOrientationLandscapeRight";
				INFOPLIST_KEY_UISupportedInterfaceOrientations_iPhone = "UIInterfaceOrientationPortrait UIInterfaceOrientationLandscapeLeft UIInterfaceOrientationLandscapeRight";
				IPHONEOS_DEPLOYMENT_TARGET = 15.0;
				LD_RUNPATH_SEARCH_PATHS = (
					"$(inherited)",
					"@executable_path/Frameworks",
				);
				MARKETING_VERSION = 1.0;
				PRODUCT_BUNDLE_IDENTIFIER = "br.com.compa.BackFront-Firebase-Crashlytics";
				PRODUCT_NAME = "$(TARGET_NAME)";
				SWIFT_EMIT_LOC_STRINGS = YES;
				SWIFT_VERSION = 5.0;
				TARGETED_DEVICE_FAMILY = "1,2";
			};
			name = Debug;
		};
		02F9C2D729B7C92100AB2895 /* Release */ = {
			isa = XCBuildConfiguration;
			baseConfigurationReference = B301A82CFBF16316AA5925FC /* Pods-BackFront-Firebase-Crashlytics.release.xcconfig */;
			buildSettings = {
				ASSETCATALOG_COMPILER_APPICON_NAME = AppIcon;
				ASSETCATALOG_COMPILER_GLOBAL_ACCENT_COLOR_NAME = AccentColor;
				CODE_SIGN_STYLE = Automatic;
				CURRENT_PROJECT_VERSION = 1;
				GENERATE_INFOPLIST_FILE = YES;
				INFOPLIST_FILE = "BackFront-Firebase-Crashlytics/Info.plist";
				INFOPLIST_KEY_UIApplicationSupportsIndirectInputEvents = YES;
				INFOPLIST_KEY_UILaunchStoryboardName = LaunchScreen;
				INFOPLIST_KEY_UIMainStoryboardFile = "";
				INFOPLIST_KEY_UISupportedInterfaceOrientations_iPad = "UIInterfaceOrientationPortrait UIInterfaceOrientationPortraitUpsideDown UIInterfaceOrientationLandscapeLeft UIInterfaceOrientationLandscapeRight";
				INFOPLIST_KEY_UISupportedInterfaceOrientations_iPhone = "UIInterfaceOrientationPortrait UIInterfaceOrientationLandscapeLeft UIInterfaceOrientationLandscapeRight";
				IPHONEOS_DEPLOYMENT_TARGET = 15.0;
				LD_RUNPATH_SEARCH_PATHS = (
					"$(inherited)",
					"@executable_path/Frameworks",
				);
				MARKETING_VERSION = 1.0;
				PRODUCT_BUNDLE_IDENTIFIER = "br.com.compa.BackFront-Firebase-Crashlytics";
				PRODUCT_NAME = "$(TARGET_NAME)";
				SWIFT_EMIT_LOC_STRINGS = YES;
				SWIFT_VERSION = 5.0;
				TARGETED_DEVICE_FAMILY = "1,2";
			};
			name = Release;
		};
/* End XCBuildConfiguration section */

/* Begin XCConfigurationList section */
		02F9C2BC29B7C92000AB2895 /* Build configuration list for PBXProject "BackFront-Firebase-Crashlytics" */ = {
			isa = XCConfigurationList;
			buildConfigurations = (
				02F9C2D329B7C92100AB2895 /* Debug */,
				02F9C2D429B7C92100AB2895 /* Release */,
			);
			defaultConfigurationIsVisible = 0;
			defaultConfigurationName = Release;
		};
		02F9C2D529B7C92100AB2895 /* Build configuration list for PBXNativeTarget "BackFront-Firebase-Crashlytics" */ = {
			isa = XCConfigurationList;
			buildConfigurations = (
				02F9C2D629B7C92100AB2895 /* Debug */,
				02F9C2D729B7C92100AB2895 /* Release */,
			);
			defaultConfigurationIsVisible = 0;
			defaultConfigurationName = Release;
		};
/* End XCConfigurationList section */

/* Begin XCRemoteSwiftPackageReference section */
		029D4FB429B81235008F090C /* XCRemoteSwiftPackageReference "firebase-ios-sdk" */ = {
			isa = XCRemoteSwiftPackageReference;
			repositoryURL = "https://github.com/firebase/firebase-ios-sdk";
			requirement = {
				kind = upToNextMajorVersion;
				minimumVersion = 9.0.0;
			};
		};
/* End XCRemoteSwiftPackageReference section */

/* Begin XCSwiftPackageProductDependency section */
		029D4FB529B81236008F090C /* FirebaseAuth */ = {
			isa = XCSwiftPackageProductDependency;
			package = 029D4FB429B81235008F090C /* XCRemoteSwiftPackageReference "firebase-ios-sdk" */;
			productName = FirebaseAuth;
		};
		029D4FB729B81236008F090C /* FirebaseCrashlytics */ = {
			isa = XCSwiftPackageProductDependency;
			package = 029D4FB429B81235008F090C /* XCRemoteSwiftPackageReference "firebase-ios-sdk" */;
			productName = FirebaseCrashlytics;
		};
/* End XCSwiftPackageProductDependency section */
	};
	rootObject = 02F9C2B929B7C92000AB2895 /* Project object */;
}
