// !$*UTF8*$!
{
	archiveVersion = 1;
	classes = {
	};
	objectVersion = 56;
	objects = {

/* Begin PBXBuildFile section */
		02C50FC329A97B8F00504DB7 /* AppDelegate.swift in Sources */ = {isa = PBXBuildFile; fileRef = 02C50FC229A97B8F00504DB7 /* AppDelegate.swift */; };
		02C50FC529A97B8F00504DB7 /* SceneDelegate.swift in Sources */ = {isa = PBXBuildFile; fileRef = 02C50FC429A97B8F00504DB7 /* SceneDelegate.swift */; };
		02C50FC729A97B8F00504DB7 /* ViewController.swift in Sources */ = {isa = PBXBuildFile; fileRef = 02C50FC629A97B8F00504DB7 /* ViewController.swift */; };
		02C50FCA29A97B8F00504DB7 /* Main.storyboard in Resources */ = {isa = PBXBuildFile; fileRef = 02C50FC829A97B8F00504DB7 /* Main.storyboard */; };
		02C50FCC29A97B9000504DB7 /* Assets.xcassets in Resources */ = {isa = PBXBuildFile; fileRef = 02C50FCB29A97B9000504DB7 /* Assets.xcassets */; };
		02C50FCF29A97B9000504DB7 /* LaunchScreen.storyboard in Resources */ = {isa = PBXBuildFile; fileRef = 02C50FCD29A97B9000504DB7 /* LaunchScreen.storyboard */; };
		02C50FD829A97CA500504DB7 /* CarScreen.storyboard in Resources */ = {isa = PBXBuildFile; fileRef = 02C50FD729A97CA500504DB7 /* CarScreen.storyboard */; };
		02C50FDA29A97CBA00504DB7 /* CarScreen.swift in Sources */ = {isa = PBXBuildFile; fileRef = 02C50FD929A97CBA00504DB7 /* CarScreen.swift */; };
		02C50FE129A9807400504DB7 /* CarTableViewCell.swift in Sources */ = {isa = PBXBuildFile; fileRef = 02C50FDF29A9807400504DB7 /* CarTableViewCell.swift */; };
		02C50FE229A9807400504DB7 /* CarTableViewCell.xib in Resources */ = {isa = PBXBuildFile; fileRef = 02C50FE029A9807400504DB7 /* CarTableViewCell.xib */; };
/* End PBXBuildFile section */

/* Begin PBXFileReference section */
		02C50FBF29A97B8F00504DB7 /* BackFront-TableView-PassingObject.app */ = {isa = PBXFileReference; explicitFileType = wrapper.application; includeInIndex = 0; path = "BackFront-TableView-PassingObject.app"; sourceTree = BUILT_PRODUCTS_DIR; };
		02C50FC229A97B8F00504DB7 /* AppDelegate.swift */ = {isa = PBXFileReference; lastKnownFileType = sourcecode.swift; path = AppDelegate.swift; sourceTree = "<group>"; };
		02C50FC429A97B8F00504DB7 /* SceneDelegate.swift */ = {isa = PBXFileReference; lastKnownFileType = sourcecode.swift; path = SceneDelegate.swift; sourceTree = "<group>"; };
		02C50FC629A97B8F00504DB7 /* ViewController.swift */ = {isa = PBXFileReference; lastKnownFileType = sourcecode.swift; path = ViewController.swift; sourceTree = "<group>"; };
		02C50FC929A97B8F00504DB7 /* Base */ = {isa = PBXFileReference; lastKnownFileType = file.storyboard; name = Base; path = Base.lproj/Main.storyboard; sourceTree = "<group>"; };
		02C50FCB29A97B9000504DB7 /* Assets.xcassets */ = {isa = PBXFileReference; lastKnownFileType = folder.assetcatalog; path = Assets.xcassets; sourceTree = "<group>"; };
		02C50FCE29A97B9000504DB7 /* Base */ = {isa = PBXFileReference; lastKnownFileType = file.storyboard; name = Base; path = Base.lproj/LaunchScreen.storyboard; sourceTree = "<group>"; };
		02C50FD029A97B9000504DB7 /* Info.plist */ = {isa = PBXFileReference; lastKnownFileType = text.plist.xml; path = Info.plist; sourceTree = "<group>"; };
		02C50FD729A97CA500504DB7 /* CarScreen.storyboard */ = {isa = PBXFileReference; lastKnownFileType = file.storyboard; path = CarScreen.storyboard; sourceTree = "<group>"; };
		02C50FD929A97CBA00504DB7 /* CarScreen.swift */ = {isa = PBXFileReference; lastKnownFileType = sourcecode.swift; path = CarScreen.swift; sourceTree = "<group>"; };
		02C50FDF29A9807400504DB7 /* CarTableViewCell.swift */ = {isa = PBXFileReference; lastKnownFileType = sourcecode.swift; path = CarTableViewCell.swift; sourceTree = "<group>"; };
		02C50FE029A9807400504DB7 /* CarTableViewCell.xib */ = {isa = PBXFileReference; lastKnownFileType = file.xib; path = CarTableViewCell.xib; sourceTree = "<group>"; };
/* End PBXFileReference section */

/* Begin PBXFrameworksBuildPhase section */
		02C50FBC29A97B8F00504DB7 /* Frameworks */ = {
			isa = PBXFrameworksBuildPhase;
			buildActionMask = 2147483647;
			files = (
			);
			runOnlyForDeploymentPostprocessing = 0;
		};
/* End PBXFrameworksBuildPhase section */

/* Begin PBXGroup section */
		02C50FB629A97B8F00504DB7 = {
			isa = PBXGroup;
			children = (
				02C50FC129A97B8F00504DB7 /* BackFront-TableView-PassingObject */,
				02C50FC029A97B8F00504DB7 /* Products */,
			);
			sourceTree = "<group>";
		};
		02C50FC029A97B8F00504DB7 /* Products */ = {
			isa = PBXGroup;
			children = (
				02C50FBF29A97B8F00504DB7 /* BackFront-TableView-PassingObject.app */,
			);
			name = Products;
			sourceTree = "<group>";
		};
		02C50FC129A97B8F00504DB7 /* BackFront-TableView-PassingObject */ = {
			isa = PBXGroup;
			children = (
				02C50FDC29A9802C00504DB7 /* Model */,
				02C50FDB29A9802100504DB7 /* Components */,
				02C50FD629A97C9500504DB7 /* CarScreen */,
				02C50FC229A97B8F00504DB7 /* AppDelegate.swift */,
				02C50FC429A97B8F00504DB7 /* SceneDelegate.swift */,
				02C50FC629A97B8F00504DB7 /* ViewController.swift */,
				02C50FC829A97B8F00504DB7 /* Main.storyboard */,
				02C50FCB29A97B9000504DB7 /* Assets.xcassets */,
				02C50FCD29A97B9000504DB7 /* LaunchScreen.storyboard */,
				02C50FD029A97B9000504DB7 /* Info.plist */,
			);
			path = "BackFront-TableView-PassingObject";
			sourceTree = "<group>";
		};
		02C50FD629A97C9500504DB7 /* CarScreen */ = {
			isa = PBXGroup;
			children = (
				02C50FD929A97CBA00504DB7 /* CarScreen.swift */,
				02C50FD729A97CA500504DB7 /* CarScreen.storyboard */,
			);
			path = CarScreen;
			sourceTree = "<group>";
		};
		02C50FDB29A9802100504DB7 /* Components */ = {
			isa = PBXGroup;
			children = (
				02C50FDD29A9803700504DB7 /* TableViewCell */,
			);
			path = Components;
			sourceTree = "<group>";
		};
		02C50FDC29A9802C00504DB7 /* Model */ = {
			isa = PBXGroup;
			children = (
			);
			path = Model;
			sourceTree = "<group>";
		};
		02C50FDD29A9803700504DB7 /* TableViewCell */ = {
			isa = PBXGroup;
			children = (
				02C50FDE29A9804A00504DB7 /* CarTableViewCell */,
			);
			path = TableViewCell;
			sourceTree = "<group>";
		};
		02C50FDE29A9804A00504DB7 /* CarTableViewCell */ = {
			isa = PBXGroup;
			children = (
				02C50FDF29A9807400504DB7 /* CarTableViewCell.swift */,
				02C50FE029A9807400504DB7 /* CarTableViewCell.xib */,
			);
			path = CarTableViewCell;
			sourceTree = "<group>";
		};
/* End PBXGroup section */

/* Begin PBXNativeTarget section */
		02C50FBE29A97B8F00504DB7 /* BackFront-TableView-PassingObject */ = {
			isa = PBXNativeTarget;
			buildConfigurationList = 02C50FD329A97B9000504DB7 /* Build configuration list for PBXNativeTarget "BackFront-TableView-PassingObject" */;
			buildPhases = (
				02C50FBB29A97B8F00504DB7 /* Sources */,
				02C50FBC29A97B8F00504DB7 /* Frameworks */,
				02C50FBD29A97B8F00504DB7 /* Resources */,
			);
			buildRules = (
			);
			dependencies = (
			);
			name = "BackFront-TableView-PassingObject";
			productName = "BackFront-TableView-PassingObject";
			productReference = 02C50FBF29A97B8F00504DB7 /* BackFront-TableView-PassingObject.app */;
			productType = "com.apple.product-type.application";
		};
/* End PBXNativeTarget section */

/* Begin PBXProject section */
		02C50FB729A97B8F00504DB7 /* Project object */ = {
			isa = PBXProject;
			attributes = {
				BuildIndependentTargetsInParallel = 1;
				LastSwiftUpdateCheck = 1420;
				LastUpgradeCheck = 1420;
				TargetAttributes = {
					02C50FBE29A97B8F00504DB7 = {
						CreatedOnToolsVersion = 14.2;
					};
				};
			};
			buildConfigurationList = 02C50FBA29A97B8F00504DB7 /* Build configuration list for PBXProject "BackFront-TableView-PassingObject" */;
			compatibilityVersion = "Xcode 14.0";
			developmentRegion = en;
			hasScannedForEncodings = 0;
			knownRegions = (
				en,
				Base,
			);
			mainGroup = 02C50FB629A97B8F00504DB7;
			productRefGroup = 02C50FC029A97B8F00504DB7 /* Products */;
			projectDirPath = "";
			projectRoot = "";
			targets = (
				02C50FBE29A97B8F00504DB7 /* BackFront-TableView-PassingObject */,
			);
		};
/* End PBXProject section */

/* Begin PBXResourcesBuildPhase section */
		02C50FBD29A97B8F00504DB7 /* Resources */ = {
			isa = PBXResourcesBuildPhase;
			buildActionMask = 2147483647;
			files = (
				02C50FCF29A97B9000504DB7 /* LaunchScreen.storyboard in Resources */,
				02C50FD829A97CA500504DB7 /* CarScreen.storyboard in Resources */,
				02C50FE229A9807400504DB7 /* CarTableViewCell.xib in Resources */,
				02C50FCC29A97B9000504DB7 /* Assets.xcassets in Resources */,
				02C50FCA29A97B8F00504DB7 /* Main.storyboard in Resources */,
			);
			runOnlyForDeploymentPostprocessing = 0;
		};
/* End PBXResourcesBuildPhase section */

/* Begin PBXSourcesBuildPhase section */
		02C50FBB29A97B8F00504DB7 /* Sources */ = {
			isa = PBXSourcesBuildPhase;
			buildActionMask = 2147483647;
			files = (
				02C50FDA29A97CBA00504DB7 /* CarScreen.swift in Sources */,
				02C50FC729A97B8F00504DB7 /* ViewController.swift in Sources */,
				02C50FC329A97B8F00504DB7 /* AppDelegate.swift in Sources */,
				02C50FC529A97B8F00504DB7 /* SceneDelegate.swift in Sources */,
				02C50FE129A9807400504DB7 /* CarTableViewCell.swift in Sources */,
			);
			runOnlyForDeploymentPostprocessing = 0;
		};
/* End PBXSourcesBuildPhase section */

/* Begin PBXVariantGroup section */
		02C50FC829A97B8F00504DB7 /* Main.storyboard */ = {
			isa = PBXVariantGroup;
			children = (
				02C50FC929A97B8F00504DB7 /* Base */,
			);
			name = Main.storyboard;
			sourceTree = "<group>";
		};
		02C50FCD29A97B9000504DB7 /* LaunchScreen.storyboard */ = {
			isa = PBXVariantGroup;
			children = (
				02C50FCE29A97B9000504DB7 /* Base */,
			);
			name = LaunchScreen.storyboard;
			sourceTree = "<group>";
		};
/* End PBXVariantGroup section */

/* Begin XCBuildConfiguration section */
		02C50FD129A97B9000504DB7 /* Debug */ = {
			isa = XCBuildConfiguration;
			buildSettings = {
				ALWAYS_SEARCH_USER_PATHS = NO;
				CLANG_ANALYZER_NONNULL = YES;
				CLANG_ANALYZER_NUMBER_OBJECT_CONVERSION = YES_AGGRESSIVE;
				CLANG_CXX_LANGUAGE_STANDARD = "gnu++20";
				CLANG_ENABLE_MODULES = YES;
				CLANG_ENABLE_OBJC_ARC = YES;
				CLANG_ENABLE_OBJC_WEAK = YES;
				CLANG_WARN_BLOCK_CAPTURE_AUTORELEASING = YES;
				CLANG_WARN_BOOL_CONVERSION = YES;
				CLANG_WARN_COMMA = YES;
				CLANG_WARN_CONSTANT_CONVERSION = YES;
				CLANG_WARN_DEPRECATED_OBJC_IMPLEMENTATIONS = YES;
				CLANG_WARN_DIRECT_OBJC_ISA_USAGE = YES_ERROR;
				CLANG_WARN_DOCUMENTATION_COMMENTS = YES;
				CLANG_WARN_EMPTY_BODY = YES;
				CLANG_WARN_ENUM_CONVERSION = YES;
				CLANG_WARN_INFINITE_RECURSION = YES;
				CLANG_WARN_INT_CONVERSION = YES;
				CLANG_WARN_NON_LITERAL_NULL_CONVERSION = YES;
				CLANG_WARN_OBJC_IMPLICIT_RETAIN_SELF = YES;
				CLANG_WARN_OBJC_LITERAL_CONVERSION = YES;
				CLANG_WARN_OBJC_ROOT_CLASS = YES_ERROR;
				CLANG_WARN_QUOTED_INCLUDE_IN_FRAMEWORK_HEADER = YES;
				CLANG_WARN_RANGE_LOOP_ANALYSIS = YES;
				CLANG_WARN_STRICT_PROTOTYPES = YES;
				CLANG_WARN_SUSPICIOUS_MOVE = YES;
				CLANG_WARN_UNGUARDED_AVAILABILITY = YES_AGGRESSIVE;
				CLANG_WARN_UNREACHABLE_CODE = YES;
				CLANG_WARN__DUPLICATE_METHOD_MATCH = YES;
				COPY_PHASE_STRIP = NO;
				DEBUG_INFORMATION_FORMAT = dwarf;
				ENABLE_STRICT_OBJC_MSGSEND = YES;
				ENABLE_TESTABILITY = YES;
				GCC_C_LANGUAGE_STANDARD = gnu11;
				GCC_DYNAMIC_NO_PIC = NO;
				GCC_NO_COMMON_BLOCKS = YES;
				GCC_OPTIMIZATION_LEVEL = 0;
				GCC_PREPROCESSOR_DEFINITIONS = (
					"DEBUG=1",
					"$(inherited)",
				);
				GCC_WARN_64_TO_32_BIT_CONVERSION = YES;
				GCC_WARN_ABOUT_RETURN_TYPE = YES_ERROR;
				GCC_WARN_UNDECLARED_SELECTOR = YES;
				GCC_WARN_UNINITIALIZED_AUTOS = YES_AGGRESSIVE;
				GCC_WARN_UNUSED_FUNCTION = YES;
				GCC_WARN_UNUSED_VARIABLE = YES;
				IPHONEOS_DEPLOYMENT_TARGET = 16.2;
				MTL_ENABLE_DEBUG_INFO = INCLUDE_SOURCE;
				MTL_FAST_MATH = YES;
				ONLY_ACTIVE_ARCH = YES;
				SDKROOT = iphoneos;
				SWIFT_ACTIVE_COMPILATION_CONDITIONS = DEBUG;
				SWIFT_OPTIMIZATION_LEVEL = "-Onone";
			};
			name = Debug;
		};
		02C50FD229A97B9000504DB7 /* Release */ = {
			isa = XCBuildConfiguration;
			buildSettings = {
				ALWAYS_SEARCH_USER_PATHS = NO;
				CLANG_ANALYZER_NONNULL = YES;
				CLANG_ANALYZER_NUMBER_OBJECT_CONVERSION = YES_AGGRESSIVE;
				CLANG_CXX_LANGUAGE_STANDARD = "gnu++20";
				CLANG_ENABLE_MODULES = YES;
				CLANG_ENABLE_OBJC_ARC = YES;
				CLANG_ENABLE_OBJC_WEAK = YES;
				CLANG_WARN_BLOCK_CAPTURE_AUTORELEASING = YES;
				CLANG_WARN_BOOL_CONVERSION = YES;
				CLANG_WARN_COMMA = YES;
				CLANG_WARN_CONSTANT_CONVERSION = YES;
				CLANG_WARN_DEPRECATED_OBJC_IMPLEMENTATIONS = YES;
				CLANG_WARN_DIRECT_OBJC_ISA_USAGE = YES_ERROR;
				CLANG_WARN_DOCUMENTATION_COMMENTS = YES;
				CLANG_WARN_EMPTY_BODY = YES;
				CLANG_WARN_ENUM_CONVERSION = YES;
				CLANG_WARN_INFINITE_RECURSION = YES;
				CLANG_WARN_INT_CONVERSION = YES;
				CLANG_WARN_NON_LITERAL_NULL_CONVERSION = YES;
				CLANG_WARN_OBJC_IMPLICIT_RETAIN_SELF = YES;
				CLANG_WARN_OBJC_LITERAL_CONVERSION = YES;
				CLANG_WARN_OBJC_ROOT_CLASS = YES_ERROR;
				CLANG_WARN_QUOTED_INCLUDE_IN_FRAMEWORK_HEADER = YES;
				CLANG_WARN_RANGE_LOOP_ANALYSIS = YES;
				CLANG_WARN_STRICT_PROTOTYPES = YES;
				CLANG_WARN_SUSPICIOUS_MOVE = YES;
				CLANG_WARN_UNGUARDED_AVAILABILITY = YES_AGGRESSIVE;
				CLANG_WARN_UNREACHABLE_CODE = YES;
				CLANG_WARN__DUPLICATE_METHOD_MATCH = YES;
				COPY_PHASE_STRIP = NO;
				DEBUG_INFORMATION_FORMAT = "dwarf-with-dsym";
				ENABLE_NS_ASSERTIONS = NO;
				ENABLE_STRICT_OBJC_MSGSEND = YES;
				GCC_C_LANGUAGE_STANDARD = gnu11;
				GCC_NO_COMMON_BLOCKS = YES;
				GCC_WARN_64_TO_32_BIT_CONVERSION = YES;
				GCC_WARN_ABOUT_RETURN_TYPE = YES_ERROR;
				GCC_WARN_UNDECLARED_SELECTOR = YES;
				GCC_WARN_UNINITIALIZED_AUTOS = YES_AGGRESSIVE;
				GCC_WARN_UNUSED_FUNCTION = YES;
				GCC_WARN_UNUSED_VARIABLE = YES;
				IPHONEOS_DEPLOYMENT_TARGET = 16.2;
				MTL_ENABLE_DEBUG_INFO = NO;
				MTL_FAST_MATH = YES;
				SDKROOT = iphoneos;
				SWIFT_COMPILATION_MODE = wholemodule;
				SWIFT_OPTIMIZATION_LEVEL = "-O";
				VALIDATE_PRODUCT = YES;
			};
			name = Release;
		};
		02C50FD429A97B9000504DB7 /* Debug */ = {
			isa = XCBuildConfiguration;
			buildSettings = {
				ASSETCATALOG_COMPILER_APPICON_NAME = AppIcon;
				ASSETCATALOG_COMPILER_GLOBAL_ACCENT_COLOR_NAME = AccentColor;
				CODE_SIGN_STYLE = Automatic;
				CURRENT_PROJECT_VERSION = 1;
				GENERATE_INFOPLIST_FILE = YES;
				INFOPLIST_FILE = "BackFront-TableView-PassingObject/Info.plist";
				INFOPLIST_KEY_UIApplicationSupportsIndirectInputEvents = YES;
				INFOPLIST_KEY_UILaunchStoryboardName = LaunchScreen;
				INFOPLIST_KEY_UIMainStoryboardFile = Main;
				INFOPLIST_KEY_UISupportedInterfaceOrientations_iPad = "UIInterfaceOrientationPortrait UIInterfaceOrientationPortraitUpsideDown UIInterfaceOrientationLandscapeLeft UIInterfaceOrientationLandscapeRight";
				INFOPLIST_KEY_UISupportedInterfaceOrientations_iPhone = "UIInterfaceOrientationPortrait UIInterfaceOrientationLandscapeLeft UIInterfaceOrientationLandscapeRight";
				LD_RUNPATH_SEARCH_PATHS = (
					"$(inherited)",
					"@executable_path/Frameworks",
				);
				MARKETING_VERSION = 1.0;
				PRODUCT_BUNDLE_IDENTIFIER = "br.com.compa.BackFront-TableView-PassingObject";
				PRODUCT_NAME = "$(TARGET_NAME)";
				SWIFT_EMIT_LOC_STRINGS = YES;
				SWIFT_VERSION = 5.0;
				TARGETED_DEVICE_FAMILY = "1,2";
			};
			name = Debug;
		};
		02C50FD529A97B9000504DB7 /* Release */ = {
			isa = XCBuildConfiguration;
			buildSettings = {
				ASSETCATALOG_COMPILER_APPICON_NAME = AppIcon;
				ASSETCATALOG_COMPILER_GLOBAL_ACCENT_COLOR_NAME = AccentColor;
				CODE_SIGN_STYLE = Automatic;
				CURRENT_PROJECT_VERSION = 1;
				GENERATE_INFOPLIST_FILE = YES;
				INFOPLIST_FILE = "BackFront-TableView-PassingObject/Info.plist";
				INFOPLIST_KEY_UIApplicationSupportsIndirectInputEvents = YES;
				INFOPLIST_KEY_UILaunchStoryboardName = LaunchScreen;
				INFOPLIST_KEY_UIMainStoryboardFile = Main;
				INFOPLIST_KEY_UISupportedInterfaceOrientations_iPad = "UIInterfaceOrientationPortrait UIInterfaceOrientationPortraitUpsideDown UIInterfaceOrientationLandscapeLeft UIInterfaceOrientationLandscapeRight";
				INFOPLIST_KEY_UISupportedInterfaceOrientations_iPhone = "UIInterfaceOrientationPortrait UIInterfaceOrientationLandscapeLeft UIInterfaceOrientationLandscapeRight";
				LD_RUNPATH_SEARCH_PATHS = (
					"$(inherited)",
					"@executable_path/Frameworks",
				);
				MARKETING_VERSION = 1.0;
				PRODUCT_BUNDLE_IDENTIFIER = "br.com.compa.BackFront-TableView-PassingObject";
				PRODUCT_NAME = "$(TARGET_NAME)";
				SWIFT_EMIT_LOC_STRINGS = YES;
				SWIFT_VERSION = 5.0;
				TARGETED_DEVICE_FAMILY = "1,2";
			};
			name = Release;
		};
/* End XCBuildConfiguration section */

/* Begin XCConfigurationList section */
		02C50FBA29A97B8F00504DB7 /* Build configuration list for PBXProject "BackFront-TableView-PassingObject" */ = {
			isa = XCConfigurationList;
			buildConfigurations = (
				02C50FD129A97B9000504DB7 /* Debug */,
				02C50FD229A97B9000504DB7 /* Release */,
			);
			defaultConfigurationIsVisible = 0;
			defaultConfigurationName = Release;
		};
		02C50FD329A97B9000504DB7 /* Build configuration list for PBXNativeTarget "BackFront-TableView-PassingObject" */ = {
			isa = XCConfigurationList;
			buildConfigurations = (
				02C50FD429A97B9000504DB7 /* Debug */,
				02C50FD529A97B9000504DB7 /* Release */,
			);
			defaultConfigurationIsVisible = 0;
			defaultConfigurationName = Release;
		};
/* End XCConfigurationList section */
	};
	rootObject = 02C50FB729A97B8F00504DB7 /* Project object */;
}
