// !$*UTF8*$!
{
	archiveVersion = 1;
	classes = {
	};
	objectVersion = 56;
	objects = {

/* Begin PBXBuildFile section */
		02454DE929ABD252002941F4 /* TabBarViewController.swift in Sources */ = {isa = PBXBuildFile; fileRef = 02454DE829ABD252002941F4 /* TabBarViewController.swift */; };
		02454DEB29ABDF78002941F4 /* Screen01.swift in Sources */ = {isa = PBXBuildFile; fileRef = 02454DEA29ABDF78002941F4 /* Screen01.swift */; };
		02454DED29ABDF8D002941F4 /* Screen02.swift in Sources */ = {isa = PBXBuildFile; fileRef = 02454DEC29ABDF8D002941F4 /* Screen02.swift */; };
		02454DEF29ABDFA4002941F4 /* Screen03.swift in Sources */ = {isa = PBXBuildFile; fileRef = 02454DEE29ABDFA3002941F4 /* Screen03.swift */; };
		02A089E329ABCFA000898050 /* AppDelegate.swift in Sources */ = {isa = PBXBuildFile; fileRef = 02A089E229ABCFA000898050 /* AppDelegate.swift */; };
		02A089E529ABCFA000898050 /* SceneDelegate.swift in Sources */ = {isa = PBXBuildFile; fileRef = 02A089E429ABCFA000898050 /* SceneDelegate.swift */; };
		02A089EC29ABCFA200898050 /* Assets.xcassets in Resources */ = {isa = PBXBuildFile; fileRef = 02A089EB29ABCFA200898050 /* Assets.xcassets */; };
		02A089EF29ABCFA200898050 /* LaunchScreen.storyboard in Resources */ = {isa = PBXBuildFile; fileRef = 02A089ED29ABCFA200898050 /* LaunchScreen.storyboard */; };
		02A089FD29ABD10700898050 /* Main.storyboard in Resources */ = {isa = PBXBuildFile; fileRef = 02A089FC29ABD10700898050 /* Main.storyboard */; };
/* End PBXBuildFile section */

/* Begin PBXFileReference section */
		02454DE829ABD252002941F4 /* TabBarViewController.swift */ = {isa = PBXFileReference; lastKnownFileType = sourcecode.swift; path = TabBarViewController.swift; sourceTree = "<group>"; };
		02454DEA29ABDF78002941F4 /* Screen01.swift */ = {isa = PBXFileReference; lastKnownFileType = sourcecode.swift; path = Screen01.swift; sourceTree = "<group>"; };
		02454DEC29ABDF8D002941F4 /* Screen02.swift */ = {isa = PBXFileReference; lastKnownFileType = sourcecode.swift; path = Screen02.swift; sourceTree = "<group>"; };
		02454DEE29ABDFA3002941F4 /* Screen03.swift */ = {isa = PBXFileReference; lastKnownFileType = sourcecode.swift; path = Screen03.swift; sourceTree = "<group>"; };
		02A089DF29ABCFA000898050 /* BackFront-ChallengeProfile.app */ = {isa = PBXFileReference; explicitFileType = wrapper.application; includeInIndex = 0; path = "BackFront-ChallengeProfile.app"; sourceTree = BUILT_PRODUCTS_DIR; };
		02A089E229ABCFA000898050 /* AppDelegate.swift */ = {isa = PBXFileReference; lastKnownFileType = sourcecode.swift; path = AppDelegate.swift; sourceTree = "<group>"; };
		02A089E429ABCFA000898050 /* SceneDelegate.swift */ = {isa = PBXFileReference; lastKnownFileType = sourcecode.swift; path = SceneDelegate.swift; sourceTree = "<group>"; };
		02A089EB29ABCFA200898050 /* Assets.xcassets */ = {isa = PBXFileReference; lastKnownFileType = folder.assetcatalog; path = Assets.xcassets; sourceTree = "<group>"; };
		02A089EE29ABCFA200898050 /* Base */ = {isa = PBXFileReference; lastKnownFileType = file.storyboard; name = Base; path = Base.lproj/LaunchScreen.storyboard; sourceTree = "<group>"; };
		02A089F029ABCFA200898050 /* Info.plist */ = {isa = PBXFileReference; lastKnownFileType = text.plist.xml; path = Info.plist; sourceTree = "<group>"; };
		02A089FC29ABD10700898050 /* Main.storyboard */ = {isa = PBXFileReference; lastKnownFileType = file.storyboard; path = Main.storyboard; sourceTree = "<group>"; };
/* End PBXFileReference section */

/* Begin PBXFrameworksBuildPhase section */
		02A089DC29ABCFA000898050 /* Frameworks */ = {
			isa = PBXFrameworksBuildPhase;
			buildActionMask = 2147483647;
			files = (
			);
			runOnlyForDeploymentPostprocessing = 0;
		};
/* End PBXFrameworksBuildPhase section */

/* Begin PBXGroup section */
		02A089D629ABCFA000898050 = {
			isa = PBXGroup;
			children = (
				02A089E129ABCFA000898050 /* BackFront-ChallengeProfile */,
				02A089E029ABCFA000898050 /* Products */,
			);
			sourceTree = "<group>";
		};
		02A089E029ABCFA000898050 /* Products */ = {
			isa = PBXGroup;
			children = (
				02A089DF29ABCFA000898050 /* BackFront-ChallengeProfile.app */,
			);
			name = Products;
			sourceTree = "<group>";
		};
		02A089E129ABCFA000898050 /* BackFront-ChallengeProfile */ = {
			isa = PBXGroup;
			children = (
				02A089F629ABD02400898050 /* Screens */,
				02A089E229ABCFA000898050 /* AppDelegate.swift */,
				02A089E429ABCFA000898050 /* SceneDelegate.swift */,
				02A089EB29ABCFA200898050 /* Assets.xcassets */,
				02A089ED29ABCFA200898050 /* LaunchScreen.storyboard */,
				02A089F029ABCFA200898050 /* Info.plist */,
				02454DE829ABD252002941F4 /* TabBarViewController.swift */,
				02A089FC29ABD10700898050 /* Main.storyboard */,
			);
			path = "BackFront-ChallengeProfile";
			sourceTree = "<group>";
		};
		02A089F629ABD02400898050 /* Screens */ = {
			isa = PBXGroup;
			children = (
				02A089F729ABD03700898050 /* Screen01 */,
				02A089F829ABD04800898050 /* Screen02 */,
				02A089F929ABD05200898050 /* Screen03 */,
			);
			path = Screens;
			sourceTree = "<group>";
		};
		02A089F729ABD03700898050 /* Screen01 */ = {
			isa = PBXGroup;
			children = (
				02454DEA29ABDF78002941F4 /* Screen01.swift */,
			);
			path = Screen01;
			sourceTree = "<group>";
		};
		02A089F829ABD04800898050 /* Screen02 */ = {
			isa = PBXGroup;
			children = (
				02454DEC29ABDF8D002941F4 /* Screen02.swift */,
			);
			path = Screen02;
			sourceTree = "<group>";
		};
		02A089F929ABD05200898050 /* Screen03 */ = {
			isa = PBXGroup;
			children = (
				02454DEE29ABDFA3002941F4 /* Screen03.swift */,
			);
			path = Screen03;
			sourceTree = "<group>";
		};
/* End PBXGroup section */

/* Begin PBXNativeTarget section */
		02A089DE29ABCFA000898050 /* BackFront-ChallengeProfile */ = {
			isa = PBXNativeTarget;
			buildConfigurationList = 02A089F329ABCFA200898050 /* Build configuration list for PBXNativeTarget "BackFront-ChallengeProfile" */;
			buildPhases = (
				02A089DB29ABCFA000898050 /* Sources */,
				02A089DC29ABCFA000898050 /* Frameworks */,
				02A089DD29ABCFA000898050 /* Resources */,
			);
			buildRules = (
			);
			dependencies = (
			);
			name = "BackFront-ChallengeProfile";
			productName = "BackFront-ChallengeProfile";
			productReference = 02A089DF29ABCFA000898050 /* BackFront-ChallengeProfile.app */;
			productType = "com.apple.product-type.application";
		};
/* End PBXNativeTarget section */

/* Begin PBXProject section */
		02A089D729ABCFA000898050 /* Project object */ = {
			isa = PBXProject;
			attributes = {
				BuildIndependentTargetsInParallel = 1;
				LastSwiftUpdateCheck = 1420;
				LastUpgradeCheck = 1420;
				TargetAttributes = {
					02A089DE29ABCFA000898050 = {
						CreatedOnToolsVersion = 14.2;
					};
				};
			};
			buildConfigurationList = 02A089DA29ABCFA000898050 /* Build configuration list for PBXProject "BackFront-ChallengeProfile" */;
			compatibilityVersion = "Xcode 14.0";
			developmentRegion = en;
			hasScannedForEncodings = 0;
			knownRegions = (
				en,
				Base,
			);
			mainGroup = 02A089D629ABCFA000898050;
			productRefGroup = 02A089E029ABCFA000898050 /* Products */;
			projectDirPath = "";
			projectRoot = "";
			targets = (
				02A089DE29ABCFA000898050 /* BackFront-ChallengeProfile */,
			);
		};
/* End PBXProject section */

/* Begin PBXResourcesBuildPhase section */
		02A089DD29ABCFA000898050 /* Resources */ = {
			isa = PBXResourcesBuildPhase;
			buildActionMask = 2147483647;
			files = (
				02A089FD29ABD10700898050 /* Main.storyboard in Resources */,
				02A089EF29ABCFA200898050 /* LaunchScreen.storyboard in Resources */,
				02A089EC29ABCFA200898050 /* Assets.xcassets in Resources */,
			);
			runOnlyForDeploymentPostprocessing = 0;
		};
/* End PBXResourcesBuildPhase section */

/* Begin PBXSourcesBuildPhase section */
		02A089DB29ABCFA000898050 /* Sources */ = {
			isa = PBXSourcesBuildPhase;
			buildActionMask = 2147483647;
			files = (
				02454DEF29ABDFA4002941F4 /* Screen03.swift in Sources */,
				02454DE929ABD252002941F4 /* TabBarViewController.swift in Sources */,
				02A089E329ABCFA000898050 /* AppDelegate.swift in Sources */,
				02454DEB29ABDF78002941F4 /* Screen01.swift in Sources */,
				02454DED29ABDF8D002941F4 /* Screen02.swift in Sources */,
				02A089E529ABCFA000898050 /* SceneDelegate.swift in Sources */,
			);
			runOnlyForDeploymentPostprocessing = 0;
		};
/* End PBXSourcesBuildPhase section */

/* Begin PBXVariantGroup section */
		02A089ED29ABCFA200898050 /* LaunchScreen.storyboard */ = {
			isa = PBXVariantGroup;
			children = (
				02A089EE29ABCFA200898050 /* Base */,
			);
			name = LaunchScreen.storyboard;
			sourceTree = "<group>";
		};
/* End PBXVariantGroup section */

/* Begin XCBuildConfiguration section */
		02A089F129ABCFA200898050 /* Debug */ = {
			isa = XCBuildConfiguration;
			buildSettings = {
				ALWAYS_SEARCH_USER_PATHS = NO;
				CLANG_ANALYZER_NONNULL = YES;
				CLANG_ANALYZER_NUMBER_OBJECT_CONVERSION = YES_AGGRESSIVE;
				CLANG_CXX_LANGUAGE_STANDARD = "gnu++20";
				CLANG_ENABLE_MODULES = YES;
				CLANG_ENABLE_OBJC_ARC = YES;
				CLANG_ENABLE_OBJC_WEAK = YES;
				CLANG_WARN_BLOCK_CAPTURE_AUTORELEASING = YES;
				CLANG_WARN_BOOL_CONVERSION = YES;
				CLANG_WARN_COMMA = YES;
				CLANG_WARN_CONSTANT_CONVERSION = YES;
				CLANG_WARN_DEPRECATED_OBJC_IMPLEMENTATIONS = YES;
				CLANG_WARN_DIRECT_OBJC_ISA_USAGE = YES_ERROR;
				CLANG_WARN_DOCUMENTATION_COMMENTS = YES;
				CLANG_WARN_EMPTY_BODY = YES;
				CLANG_WARN_ENUM_CONVERSION = YES;
				CLANG_WARN_INFINITE_RECURSION = YES;
				CLANG_WARN_INT_CONVERSION = YES;
				CLANG_WARN_NON_LITERAL_NULL_CONVERSION = YES;
				CLANG_WARN_OBJC_IMPLICIT_RETAIN_SELF = YES;
				CLANG_WARN_OBJC_LITERAL_CONVERSION = YES;
				CLANG_WARN_OBJC_ROOT_CLASS = YES_ERROR;
				CLANG_WARN_QUOTED_INCLUDE_IN_FRAMEWORK_HEADER = YES;
				CLANG_WARN_RANGE_LOOP_ANALYSIS = YES;
				CLANG_WARN_STRICT_PROTOTYPES = YES;
				CLANG_WARN_SUSPICIOUS_MOVE = YES;
				CLANG_WARN_UNGUARDED_AVAILABILITY = YES_AGGRESSIVE;
				CLANG_WARN_UNREACHABLE_CODE = YES;
				CLANG_WARN__DUPLICATE_METHOD_MATCH = YES;
				COPY_PHASE_STRIP = NO;
				DEBUG_INFORMATION_FORMAT = dwarf;
				ENABLE_STRICT_OBJC_MSGSEND = YES;
				ENABLE_TESTABILITY = YES;
				GCC_C_LANGUAGE_STANDARD = gnu11;
				GCC_DYNAMIC_NO_PIC = NO;
				GCC_NO_COMMON_BLOCKS = YES;
				GCC_OPTIMIZATION_LEVEL = 0;
				GCC_PREPROCESSOR_DEFINITIONS = (
					"DEBUG=1",
					"$(inherited)",
				);
				GCC_WARN_64_TO_32_BIT_CONVERSION = YES;
				GCC_WARN_ABOUT_RETURN_TYPE = YES_ERROR;
				GCC_WARN_UNDECLARED_SELECTOR = YES;
				GCC_WARN_UNINITIALIZED_AUTOS = YES_AGGRESSIVE;
				GCC_WARN_UNUSED_FUNCTION = YES;
				GCC_WARN_UNUSED_VARIABLE = YES;
				IPHONEOS_DEPLOYMENT_TARGET = 16.2;
				MTL_ENABLE_DEBUG_INFO = INCLUDE_SOURCE;
				MTL_FAST_MATH = YES;
				ONLY_ACTIVE_ARCH = YES;
				SDKROOT = iphoneos;
				SWIFT_ACTIVE_COMPILATION_CONDITIONS = DEBUG;
				SWIFT_OPTIMIZATION_LEVEL = "-Onone";
			};
			name = Debug;
		};
		02A089F229ABCFA200898050 /* Release */ = {
			isa = XCBuildConfiguration;
			buildSettings = {
				ALWAYS_SEARCH_USER_PATHS = NO;
				CLANG_ANALYZER_NONNULL = YES;
				CLANG_ANALYZER_NUMBER_OBJECT_CONVERSION = YES_AGGRESSIVE;
				CLANG_CXX_LANGUAGE_STANDARD = "gnu++20";
				CLANG_ENABLE_MODULES = YES;
				CLANG_ENABLE_OBJC_ARC = YES;
				CLANG_ENABLE_OBJC_WEAK = YES;
				CLANG_WARN_BLOCK_CAPTURE_AUTORELEASING = YES;
				CLANG_WARN_BOOL_CONVERSION = YES;
				CLANG_WARN_COMMA = YES;
				CLANG_WARN_CONSTANT_CONVERSION = YES;
				CLANG_WARN_DEPRECATED_OBJC_IMPLEMENTATIONS = YES;
				CLANG_WARN_DIRECT_OBJC_ISA_USAGE = YES_ERROR;
				CLANG_WARN_DOCUMENTATION_COMMENTS = YES;
				CLANG_WARN_EMPTY_BODY = YES;
				CLANG_WARN_ENUM_CONVERSION = YES;
				CLANG_WARN_INFINITE_RECURSION = YES;
				CLANG_WARN_INT_CONVERSION = YES;
				CLANG_WARN_NON_LITERAL_NULL_CONVERSION = YES;
				CLANG_WARN_OBJC_IMPLICIT_RETAIN_SELF = YES;
				CLANG_WARN_OBJC_LITERAL_CONVERSION = YES;
				CLANG_WARN_OBJC_ROOT_CLASS = YES_ERROR;
				CLANG_WARN_QUOTED_INCLUDE_IN_FRAMEWORK_HEADER = YES;
				CLANG_WARN_RANGE_LOOP_ANALYSIS = YES;
				CLANG_WARN_STRICT_PROTOTYPES = YES;
				CLANG_WARN_SUSPICIOUS_MOVE = YES;
				CLANG_WARN_UNGUARDED_AVAILABILITY = YES_AGGRESSIVE;
				CLANG_WARN_UNREACHABLE_CODE = YES;
				CLANG_WARN__DUPLICATE_METHOD_MATCH = YES;
				COPY_PHASE_STRIP = NO;
				DEBUG_INFORMATION_FORMAT = "dwarf-with-dsym";
				ENABLE_NS_ASSERTIONS = NO;
				ENABLE_STRICT_OBJC_MSGSEND = YES;
				GCC_C_LANGUAGE_STANDARD = gnu11;
				GCC_NO_COMMON_BLOCKS = YES;
				GCC_WARN_64_TO_32_BIT_CONVERSION = YES;
				GCC_WARN_ABOUT_RETURN_TYPE = YES_ERROR;
				GCC_WARN_UNDECLARED_SELECTOR = YES;
				GCC_WARN_UNINITIALIZED_AUTOS = YES_AGGRESSIVE;
				GCC_WARN_UNUSED_FUNCTION = YES;
				GCC_WARN_UNUSED_VARIABLE = YES;
				IPHONEOS_DEPLOYMENT_TARGET = 16.2;
				MTL_ENABLE_DEBUG_INFO = NO;
				MTL_FAST_MATH = YES;
				SDKROOT = iphoneos;
				SWIFT_COMPILATION_MODE = wholemodule;
				SWIFT_OPTIMIZATION_LEVEL = "-O";
				VALIDATE_PRODUCT = YES;
			};
			name = Release;
		};
		02A089F429ABCFA200898050 /* Debug */ = {
			isa = XCBuildConfiguration;
			buildSettings = {
				ASSETCATALOG_COMPILER_APPICON_NAME = AppIcon;
				ASSETCATALOG_COMPILER_GLOBAL_ACCENT_COLOR_NAME = AccentColor;
				CODE_SIGN_STYLE = Automatic;
				CURRENT_PROJECT_VERSION = 1;
				GENERATE_INFOPLIST_FILE = YES;
				INFOPLIST_FILE = "BackFront-ChallengeProfile/Info.plist";
				INFOPLIST_KEY_UIApplicationSupportsIndirectInputEvents = YES;
				INFOPLIST_KEY_UILaunchStoryboardName = LaunchScreen;
				INFOPLIST_KEY_UIMainStoryboardFile = Main;
				INFOPLIST_KEY_UISupportedInterfaceOrientations_iPad = "UIInterfaceOrientationPortrait UIInterfaceOrientationPortraitUpsideDown UIInterfaceOrientationLandscapeLeft UIInterfaceOrientationLandscapeRight";
				INFOPLIST_KEY_UISupportedInterfaceOrientations_iPhone = "UIInterfaceOrientationPortrait UIInterfaceOrientationLandscapeLeft UIInterfaceOrientationLandscapeRight";
				IPHONEOS_DEPLOYMENT_TARGET = 15.0;
				LD_RUNPATH_SEARCH_PATHS = (
					"$(inherited)",
					"@executable_path/Frameworks",
				);
				MARKETING_VERSION = 1.0;
				PRODUCT_BUNDLE_IDENTIFIER = "br.com.compa.BackFront-ChallengeProfile";
				PRODUCT_NAME = "$(TARGET_NAME)";
				SUPPORTED_PLATFORMS = "iphoneos iphonesimulator";
				SUPPORTS_MACCATALYST = NO;
				SUPPORTS_MAC_DESIGNED_FOR_IPHONE_IPAD = NO;
				SWIFT_EMIT_LOC_STRINGS = YES;
				SWIFT_VERSION = 5.0;
				TARGETED_DEVICE_FAMILY = "1,2";
			};
			name = Debug;
		};
		02A089F529ABCFA200898050 /* Release */ = {
			isa = XCBuildConfiguration;
			buildSettings = {
				ASSETCATALOG_COMPILER_APPICON_NAME = AppIcon;
				ASSETCATALOG_COMPILER_GLOBAL_ACCENT_COLOR_NAME = AccentColor;
				CODE_SIGN_STYLE = Automatic;
				CURRENT_PROJECT_VERSION = 1;
				GENERATE_INFOPLIST_FILE = YES;
				INFOPLIST_FILE = "BackFront-ChallengeProfile/Info.plist";
				INFOPLIST_KEY_UIApplicationSupportsIndirectInputEvents = YES;
				INFOPLIST_KEY_UILaunchStoryboardName = LaunchScreen;
				INFOPLIST_KEY_UIMainStoryboardFile = Main;
				INFOPLIST_KEY_UISupportedInterfaceOrientations_iPad = "UIInterfaceOrientationPortrait UIInterfaceOrientationPortraitUpsideDown UIInterfaceOrientationLandscapeLeft UIInterfaceOrientationLandscapeRight";
				INFOPLIST_KEY_UISupportedInterfaceOrientations_iPhone = "UIInterfaceOrientationPortrait UIInterfaceOrientationLandscapeLeft UIInterfaceOrientationLandscapeRight";
				IPHONEOS_DEPLOYMENT_TARGET = 15.0;
				LD_RUNPATH_SEARCH_PATHS = (
					"$(inherited)",
					"@executable_path/Frameworks",
				);
				MARKETING_VERSION = 1.0;
				PRODUCT_BUNDLE_IDENTIFIER = "br.com.compa.BackFront-ChallengeProfile";
				PRODUCT_NAME = "$(TARGET_NAME)";
				SUPPORTED_PLATFORMS = "iphoneos iphonesimulator";
				SUPPORTS_MACCATALYST = NO;
				SUPPORTS_MAC_DESIGNED_FOR_IPHONE_IPAD = NO;
				SWIFT_EMIT_LOC_STRINGS = YES;
				SWIFT_VERSION = 5.0;
				TARGETED_DEVICE_FAMILY = "1,2";
			};
			name = Release;
		};
/* End XCBuildConfiguration section */

/* Begin XCConfigurationList section */
		02A089DA29ABCFA000898050 /* Build configuration list for PBXProject "BackFront-ChallengeProfile" */ = {
			isa = XCConfigurationList;
			buildConfigurations = (
				02A089F129ABCFA200898050 /* Debug */,
				02A089F229ABCFA200898050 /* Release */,
			);
			defaultConfigurationIsVisible = 0;
			defaultConfigurationName = Release;
		};
		02A089F329ABCFA200898050 /* Build configuration list for PBXNativeTarget "BackFront-ChallengeProfile" */ = {
			isa = XCConfigurationList;
			buildConfigurations = (
				02A089F429ABCFA200898050 /* Debug */,
				02A089F529ABCFA200898050 /* Release */,
			);
			defaultConfigurationIsVisible = 0;
			defaultConfigurationName = Release;
		};
/* End XCConfigurationList section */
	};
	rootObject = 02A089D729ABCFA000898050 /* Project object */;
}
