// !$*UTF8*$!
{
	archiveVersion = 1;
	classes = {
	};
	objectVersion = 56;
	objects = {

/* Begin PBXBuildFile section */
		021B79D0299EF8ED0038D665 /* AppDelegate.swift in Sources */ = {isa = PBXBuildFile; fileRef = 021B79CF299EF8ED0038D665 /* AppDelegate.swift */; };
		021B79D2299EF8ED0038D665 /* SceneDelegate.swift in Sources */ = {isa = PBXBuildFile; fileRef = 021B79D1299EF8ED0038D665 /* SceneDelegate.swift */; };
		021B79D4299EF8ED0038D665 /* ViewController.swift in Sources */ = {isa = PBXBuildFile; fileRef = 021B79D3299EF8ED0038D665 /* ViewController.swift */; };
		021B79D7299EF8ED0038D665 /* Main.storyboard in Resources */ = {isa = PBXBuildFile; fileRef = 021B79D5299EF8ED0038D665 /* Main.storyboard */; };
		021B79D9299EF8EE0038D665 /* Assets.xcassets in Resources */ = {isa = PBXBuildFile; fileRef = 021B79D8299EF8EE0038D665 /* Assets.xcassets */; };
		021B79DC299EF8EE0038D665 /* LaunchScreen.storyboard in Resources */ = {isa = PBXBuildFile; fileRef = 021B79DA299EF8EE0038D665 /* LaunchScreen.storyboard */; };
		021B79FA299EFC690038D665 /* A.wav in Resources */ = {isa = PBXBuildFile; fileRef = 021B79F3299EFC690038D665 /* A.wav */; };
		021B79FB299EFC690038D665 /* C.wav in Resources */ = {isa = PBXBuildFile; fileRef = 021B79F4299EFC690038D665 /* C.wav */; };
		021B79FC299EFC690038D665 /* B.wav in Resources */ = {isa = PBXBuildFile; fileRef = 021B79F5299EFC690038D665 /* B.wav */; };
		021B79FD299EFC690038D665 /* F.wav in Resources */ = {isa = PBXBuildFile; fileRef = 021B79F6299EFC690038D665 /* F.wav */; };
		021B79FE299EFC690038D665 /* G.wav in Resources */ = {isa = PBXBuildFile; fileRef = 021B79F7299EFC690038D665 /* G.wav */; };
		021B79FF299EFC690038D665 /* E.wav in Resources */ = {isa = PBXBuildFile; fileRef = 021B79F8299EFC690038D665 /* E.wav */; };
		021B7A00299EFC690038D665 /* D.wav in Resources */ = {isa = PBXBuildFile; fileRef = 021B79F9299EFC690038D665 /* D.wav */; };
/* End PBXBuildFile section */

/* Begin PBXFileReference section */
		021B79CC299EF8ED0038D665 /* Xylophone.app */ = {isa = PBXFileReference; explicitFileType = wrapper.application; includeInIndex = 0; path = Xylophone.app; sourceTree = BUILT_PRODUCTS_DIR; };
		021B79CF299EF8ED0038D665 /* AppDelegate.swift */ = {isa = PBXFileReference; lastKnownFileType = sourcecode.swift; path = AppDelegate.swift; sourceTree = "<group>"; };
		021B79D1299EF8ED0038D665 /* SceneDelegate.swift */ = {isa = PBXFileReference; lastKnownFileType = sourcecode.swift; path = SceneDelegate.swift; sourceTree = "<group>"; };
		021B79D3299EF8ED0038D665 /* ViewController.swift */ = {isa = PBXFileReference; lastKnownFileType = sourcecode.swift; path = ViewController.swift; sourceTree = "<group>"; };
		021B79D6299EF8ED0038D665 /* Base */ = {isa = PBXFileReference; lastKnownFileType = file.storyboard; name = Base; path = Base.lproj/Main.storyboard; sourceTree = "<group>"; };
		021B79D8299EF8EE0038D665 /* Assets.xcassets */ = {isa = PBXFileReference; lastKnownFileType = folder.assetcatalog; path = Assets.xcassets; sourceTree = "<group>"; };
		021B79DB299EF8EE0038D665 /* Base */ = {isa = PBXFileReference; lastKnownFileType = file.storyboard; name = Base; path = Base.lproj/LaunchScreen.storyboard; sourceTree = "<group>"; };
		021B79DD299EF8EE0038D665 /* Info.plist */ = {isa = PBXFileReference; lastKnownFileType = text.plist.xml; path = Info.plist; sourceTree = "<group>"; };
		021B79F3299EFC690038D665 /* A.wav */ = {isa = PBXFileReference; lastKnownFileType = audio.wav; path = A.wav; sourceTree = "<group>"; };
		021B79F4299EFC690038D665 /* C.wav */ = {isa = PBXFileReference; lastKnownFileType = audio.wav; path = C.wav; sourceTree = "<group>"; };
		021B79F5299EFC690038D665 /* B.wav */ = {isa = PBXFileReference; lastKnownFileType = audio.wav; path = B.wav; sourceTree = "<group>"; };
		021B79F6299EFC690038D665 /* F.wav */ = {isa = PBXFileReference; lastKnownFileType = audio.wav; path = F.wav; sourceTree = "<group>"; };
		021B79F7299EFC690038D665 /* G.wav */ = {isa = PBXFileReference; lastKnownFileType = audio.wav; path = G.wav; sourceTree = "<group>"; };
		021B79F8299EFC690038D665 /* E.wav */ = {isa = PBXFileReference; lastKnownFileType = audio.wav; path = E.wav; sourceTree = "<group>"; };
		021B79F9299EFC690038D665 /* D.wav */ = {isa = PBXFileReference; lastKnownFileType = audio.wav; path = D.wav; sourceTree = "<group>"; };
/* End PBXFileReference section */

/* Begin PBXFrameworksBuildPhase section */
		021B79C9299EF8ED0038D665 /* Frameworks */ = {
			isa = PBXFrameworksBuildPhase;
			buildActionMask = 2147483647;
			files = (
			);
			runOnlyForDeploymentPostprocessing = 0;
		};
/* End PBXFrameworksBuildPhase section */

/* Begin PBXGroup section */
		021B79C3299EF8ED0038D665 = {
			isa = PBXGroup;
			children = (
				021B79CE299EF8ED0038D665 /* Xylophone */,
				021B79CD299EF8ED0038D665 /* Products */,
			);
			sourceTree = "<group>";
		};
		021B79CD299EF8ED0038D665 /* Products */ = {
			isa = PBXGroup;
			children = (
				021B79CC299EF8ED0038D665 /* Xylophone.app */,
			);
			name = Products;
			sourceTree = "<group>";
		};
		021B79CE299EF8ED0038D665 /* Xylophone */ = {
			isa = PBXGroup;
			children = (
				021B79CF299EF8ED0038D665 /* AppDelegate.swift */,
				021B79D1299EF8ED0038D665 /* SceneDelegate.swift */,
				021B79D3299EF8ED0038D665 /* ViewController.swift */,
				021B79D5299EF8ED0038D665 /* Main.storyboard */,
				021B79D8299EF8EE0038D665 /* Assets.xcassets */,
				021B79DA299EF8EE0038D665 /* LaunchScreen.storyboard */,
				021B79DD299EF8EE0038D665 /* Info.plist */,
				021B79F2299EFC690038D665 /* Sounds */,
			);
			path = Xylophone;
			sourceTree = "<group>";
		};
		021B79F2299EFC690038D665 /* Sounds */ = {
			isa = PBXGroup;
			children = (
				021B79F3299EFC690038D665 /* A.wav */,
				021B79F4299EFC690038D665 /* C.wav */,
				021B79F5299EFC690038D665 /* B.wav */,
				021B79F6299EFC690038D665 /* F.wav */,
				021B79F7299EFC690038D665 /* G.wav */,
				021B79F8299EFC690038D665 /* E.wav */,
				021B79F9299EFC690038D665 /* D.wav */,
			);
			path = Sounds;
			sourceTree = "<group>";
		};
/* End PBXGroup section */

/* Begin PBXNativeTarget section */
		021B79CB299EF8ED0038D665 /* Xylophone */ = {
			isa = PBXNativeTarget;
			buildConfigurationList = 021B79E0299EF8EE0038D665 /* Build configuration list for PBXNativeTarget "Xylophone" */;
			buildPhases = (
				021B79C8299EF8ED0038D665 /* Sources */,
				021B79C9299EF8ED0038D665 /* Frameworks */,
				021B79CA299EF8ED0038D665 /* Resources */,
			);
			buildRules = (
			);
			dependencies = (
			);
			name = Xylophone;
			productName = Xylophone;
			productReference = 021B79CC299EF8ED0038D665 /* Xylophone.app */;
			productType = "com.apple.product-type.application";
		};
/* End PBXNativeTarget section */

/* Begin PBXProject section */
		021B79C4299EF8ED0038D665 /* Project object */ = {
			isa = PBXProject;
			attributes = {
				BuildIndependentTargetsInParallel = 1;
				LastSwiftUpdateCheck = 1420;
				LastUpgradeCheck = 1420;
				TargetAttributes = {
					021B79CB299EF8ED0038D665 = {
						CreatedOnToolsVersion = 14.2;
					};
				};
			};
			buildConfigurationList = 021B79C7299EF8ED0038D665 /* Build configuration list for PBXProject "Xylophone" */;
			compatibilityVersion = "Xcode 14.0";
			developmentRegion = en;
			hasScannedForEncodings = 0;
			knownRegions = (
				en,
				Base,
			);
			mainGroup = 021B79C3299EF8ED0038D665;
			productRefGroup = 021B79CD299EF8ED0038D665 /* Products */;
			projectDirPath = "";
			projectRoot = "";
			targets = (
				021B79CB299EF8ED0038D665 /* Xylophone */,
			);
		};
/* End PBXProject section */

/* Begin PBXResourcesBuildPhase section */
		021B79CA299EF8ED0038D665 /* Resources */ = {
			isa = PBXResourcesBuildPhase;
			buildActionMask = 2147483647;
			files = (
				021B79FE299EFC690038D665 /* G.wav in Resources */,
				021B79DC299EF8EE0038D665 /* LaunchScreen.storyboard in Resources */,
				021B79FD299EFC690038D665 /* F.wav in Resources */,
				021B79D9299EF8EE0038D665 /* Assets.xcassets in Resources */,
				021B79FA299EFC690038D665 /* A.wav in Resources */,
				021B79FC299EFC690038D665 /* B.wav in Resources */,
				021B79FF299EFC690038D665 /* E.wav in Resources */,
				021B7A00299EFC690038D665 /* D.wav in Resources */,
				021B79D7299EF8ED0038D665 /* Main.storyboard in Resources */,
				021B79FB299EFC690038D665 /* C.wav in Resources */,
			);
			runOnlyForDeploymentPostprocessing = 0;
		};
/* End PBXResourcesBuildPhase section */

/* Begin PBXSourcesBuildPhase section */
		021B79C8299EF8ED0038D665 /* Sources */ = {
			isa = PBXSourcesBuildPhase;
			buildActionMask = 2147483647;
			files = (
				021B79D4299EF8ED0038D665 /* ViewController.swift in Sources */,
				021B79D0299EF8ED0038D665 /* AppDelegate.swift in Sources */,
				021B79D2299EF8ED0038D665 /* SceneDelegate.swift in Sources */,
			);
			runOnlyForDeploymentPostprocessing = 0;
		};
/* End PBXSourcesBuildPhase section */

/* Begin PBXVariantGroup section */
		021B79D5299EF8ED0038D665 /* Main.storyboard */ = {
			isa = PBXVariantGroup;
			children = (
				021B79D6299EF8ED0038D665 /* Base */,
			);
			name = Main.storyboard;
			sourceTree = "<group>";
		};
		021B79DA299EF8EE0038D665 /* LaunchScreen.storyboard */ = {
			isa = PBXVariantGroup;
			children = (
				021B79DB299EF8EE0038D665 /* Base */,
			);
			name = LaunchScreen.storyboard;
			sourceTree = "<group>";
		};
/* End PBXVariantGroup section */

/* Begin XCBuildConfiguration section */
		021B79DE299EF8EE0038D665 /* Debug */ = {
			isa = XCBuildConfiguration;
			buildSettings = {
				ALWAYS_SEARCH_USER_PATHS = NO;
				CLANG_ANALYZER_NONNULL = YES;
				CLANG_ANALYZER_NUMBER_OBJECT_CONVERSION = YES_AGGRESSIVE;
				CLANG_CXX_LANGUAGE_STANDARD = "gnu++20";
				CLANG_ENABLE_MODULES = YES;
				CLANG_ENABLE_OBJC_ARC = YES;
				CLANG_ENABLE_OBJC_WEAK = YES;
				CLANG_WARN_BLOCK_CAPTURE_AUTORELEASING = YES;
				CLANG_WARN_BOOL_CONVERSION = YES;
				CLANG_WARN_COMMA = YES;
				CLANG_WARN_CONSTANT_CONVERSION = YES;
				CLANG_WARN_DEPRECATED_OBJC_IMPLEMENTATIONS = YES;
				CLANG_WARN_DIRECT_OBJC_ISA_USAGE = YES_ERROR;
				CLANG_WARN_DOCUMENTATION_COMMENTS = YES;
				CLANG_WARN_EMPTY_BODY = YES;
				CLANG_WARN_ENUM_CONVERSION = YES;
				CLANG_WARN_INFINITE_RECURSION = YES;
				CLANG_WARN_INT_CONVERSION = YES;
				CLANG_WARN_NON_LITERAL_NULL_CONVERSION = YES;
				CLANG_WARN_OBJC_IMPLICIT_RETAIN_SELF = YES;
				CLANG_WARN_OBJC_LITERAL_CONVERSION = YES;
				CLANG_WARN_OBJC_ROOT_CLASS = YES_ERROR;
				CLANG_WARN_QUOTED_INCLUDE_IN_FRAMEWORK_HEADER = YES;
				CLANG_WARN_RANGE_LOOP_ANALYSIS = YES;
				CLANG_WARN_STRICT_PROTOTYPES = YES;
				CLANG_WARN_SUSPICIOUS_MOVE = YES;
				CLANG_WARN_UNGUARDED_AVAILABILITY = YES_AGGRESSIVE;
				CLANG_WARN_UNREACHABLE_CODE = YES;
				CLANG_WARN__DUPLICATE_METHOD_MATCH = YES;
				COPY_PHASE_STRIP = NO;
				DEBUG_INFORMATION_FORMAT = dwarf;
				ENABLE_STRICT_OBJC_MSGSEND = YES;
				ENABLE_TESTABILITY = YES;
				GCC_C_LANGUAGE_STANDARD = gnu11;
				GCC_DYNAMIC_NO_PIC = NO;
				GCC_NO_COMMON_BLOCKS = YES;
				GCC_OPTIMIZATION_LEVEL = 0;
				GCC_PREPROCESSOR_DEFINITIONS = (
					"DEBUG=1",
					"$(inherited)",
				);
				GCC_WARN_64_TO_32_BIT_CONVERSION = YES;
				GCC_WARN_ABOUT_RETURN_TYPE = YES_ERROR;
				GCC_WARN_UNDECLARED_SELECTOR = YES;
				GCC_WARN_UNINITIALIZED_AUTOS = YES_AGGRESSIVE;
				GCC_WARN_UNUSED_FUNCTION = YES;
				GCC_WARN_UNUSED_VARIABLE = YES;
				IPHONEOS_DEPLOYMENT_TARGET = 16.2;
				MTL_ENABLE_DEBUG_INFO = INCLUDE_SOURCE;
				MTL_FAST_MATH = YES;
				ONLY_ACTIVE_ARCH = YES;
				SDKROOT = iphoneos;
				SWIFT_ACTIVE_COMPILATION_CONDITIONS = DEBUG;
				SWIFT_OPTIMIZATION_LEVEL = "-Onone";
			};
			name = Debug;
		};
		021B79DF299EF8EE0038D665 /* Release */ = {
			isa = XCBuildConfiguration;
			buildSettings = {
				ALWAYS_SEARCH_USER_PATHS = NO;
				CLANG_ANALYZER_NONNULL = YES;
				CLANG_ANALYZER_NUMBER_OBJECT_CONVERSION = YES_AGGRESSIVE;
				CLANG_CXX_LANGUAGE_STANDARD = "gnu++20";
				CLANG_ENABLE_MODULES = YES;
				CLANG_ENABLE_OBJC_ARC = YES;
				CLANG_ENABLE_OBJC_WEAK = YES;
				CLANG_WARN_BLOCK_CAPTURE_AUTORELEASING = YES;
				CLANG_WARN_BOOL_CONVERSION = YES;
				CLANG_WARN_COMMA = YES;
				CLANG_WARN_CONSTANT_CONVERSION = YES;
				CLANG_WARN_DEPRECATED_OBJC_IMPLEMENTATIONS = YES;
				CLANG_WARN_DIRECT_OBJC_ISA_USAGE = YES_ERROR;
				CLANG_WARN_DOCUMENTATION_COMMENTS = YES;
				CLANG_WARN_EMPTY_BODY = YES;
				CLANG_WARN_ENUM_CONVERSION = YES;
				CLANG_WARN_INFINITE_RECURSION = YES;
				CLANG_WARN_INT_CONVERSION = YES;
				CLANG_WARN_NON_LITERAL_NULL_CONVERSION = YES;
				CLANG_WARN_OBJC_IMPLICIT_RETAIN_SELF = YES;
				CLANG_WARN_OBJC_LITERAL_CONVERSION = YES;
				CLANG_WARN_OBJC_ROOT_CLASS = YES_ERROR;
				CLANG_WARN_QUOTED_INCLUDE_IN_FRAMEWORK_HEADER = YES;
				CLANG_WARN_RANGE_LOOP_ANALYSIS = YES;
				CLANG_WARN_STRICT_PROTOTYPES = YES;
				CLANG_WARN_SUSPICIOUS_MOVE = YES;
				CLANG_WARN_UNGUARDED_AVAILABILITY = YES_AGGRESSIVE;
				CLANG_WARN_UNREACHABLE_CODE = YES;
				CLANG_WARN__DUPLICATE_METHOD_MATCH = YES;
				COPY_PHASE_STRIP = NO;
				DEBUG_INFORMATION_FORMAT = "dwarf-with-dsym";
				ENABLE_NS_ASSERTIONS = NO;
				ENABLE_STRICT_OBJC_MSGSEND = YES;
				GCC_C_LANGUAGE_STANDARD = gnu11;
				GCC_NO_COMMON_BLOCKS = YES;
				GCC_WARN_64_TO_32_BIT_CONVERSION = YES;
				GCC_WARN_ABOUT_RETURN_TYPE = YES_ERROR;
				GCC_WARN_UNDECLARED_SELECTOR = YES;
				GCC_WARN_UNINITIALIZED_AUTOS = YES_AGGRESSIVE;
				GCC_WARN_UNUSED_FUNCTION = YES;
				GCC_WARN_UNUSED_VARIABLE = YES;
				IPHONEOS_DEPLOYMENT_TARGET = 16.2;
				MTL_ENABLE_DEBUG_INFO = NO;
				MTL_FAST_MATH = YES;
				SDKROOT = iphoneos;
				SWIFT_COMPILATION_MODE = wholemodule;
				SWIFT_OPTIMIZATION_LEVEL = "-O";
				VALIDATE_PRODUCT = YES;
			};
			name = Release;
		};
		021B79E1299EF8EE0038D665 /* Debug */ = {
			isa = XCBuildConfiguration;
			buildSettings = {
				ASSETCATALOG_COMPILER_APPICON_NAME = AppIcon;
				ASSETCATALOG_COMPILER_GLOBAL_ACCENT_COLOR_NAME = AccentColor;
				CODE_SIGN_STYLE = Automatic;
				CURRENT_PROJECT_VERSION = 1;
				GENERATE_INFOPLIST_FILE = YES;
				INFOPLIST_FILE = Xylophone/Info.plist;
				INFOPLIST_KEY_UIApplicationSupportsIndirectInputEvents = YES;
				INFOPLIST_KEY_UILaunchStoryboardName = LaunchScreen;
				INFOPLIST_KEY_UIMainStoryboardFile = Main;
				INFOPLIST_KEY_UIRequiredDeviceCapabilities = armv7;
				INFOPLIST_KEY_UISupportedInterfaceOrientations = "UIInterfaceOrientationLandscapeLeft UIInterfaceOrientationLandscapeRight UIInterfaceOrientationPortrait UIInterfaceOrientationPortraitUpsideDown";
				LD_RUNPATH_SEARCH_PATHS = (
					"$(inherited)",
					"@executable_path/Frameworks",
				);
				MARKETING_VERSION = 1.0;
				PRODUCT_BUNDLE_IDENTIFIER = br.com.compa.Xylophone;
				PRODUCT_NAME = "$(TARGET_NAME)";
				SWIFT_EMIT_LOC_STRINGS = YES;
				SWIFT_VERSION = 5.0;
				TARGETED_DEVICE_FAMILY = "1,2";
			};
			name = Debug;
		};
		021B79E2299EF8EE0038D665 /* Release */ = {
			isa = XCBuildConfiguration;
			buildSettings = {
				ASSETCATALOG_COMPILER_APPICON_NAME = AppIcon;
				ASSETCATALOG_COMPILER_GLOBAL_ACCENT_COLOR_NAME = AccentColor;
				CODE_SIGN_STYLE = Automatic;
				CURRENT_PROJECT_VERSION = 1;
				GENERATE_INFOPLIST_FILE = YES;
				INFOPLIST_FILE = Xylophone/Info.plist;
				INFOPLIST_KEY_UIApplicationSupportsIndirectInputEvents = YES;
				INFOPLIST_KEY_UILaunchStoryboardName = LaunchScreen;
				INFOPLIST_KEY_UIMainStoryboardFile = Main;
				INFOPLIST_KEY_UIRequiredDeviceCapabilities = armv7;
				INFOPLIST_KEY_UISupportedInterfaceOrientations = "UIInterfaceOrientationLandscapeLeft UIInterfaceOrientationLandscapeRight UIInterfaceOrientationPortrait UIInterfaceOrientationPortraitUpsideDown";
				LD_RUNPATH_SEARCH_PATHS = (
					"$(inherited)",
					"@executable_path/Frameworks",
				);
				MARKETING_VERSION = 1.0;
				PRODUCT_BUNDLE_IDENTIFIER = br.com.compa.Xylophone;
				PRODUCT_NAME = "$(TARGET_NAME)";
				SWIFT_EMIT_LOC_STRINGS = YES;
				SWIFT_VERSION = 5.0;
				TARGETED_DEVICE_FAMILY = "1,2";
			};
			name = Release;
		};
/* End XCBuildConfiguration section */

/* Begin XCConfigurationList section */
		021B79C7299EF8ED0038D665 /* Build configuration list for PBXProject "Xylophone" */ = {
			isa = XCConfigurationList;
			buildConfigurations = (
				021B79DE299EF8EE0038D665 /* Debug */,
				021B79DF299EF8EE0038D665 /* Release */,
			);
			defaultConfigurationIsVisible = 0;
			defaultConfigurationName = Release;
		};
		021B79E0299EF8EE0038D665 /* Build configuration list for PBXNativeTarget "Xylophone" */ = {
			isa = XCConfigurationList;
			buildConfigurations = (
				021B79E1299EF8EE0038D665 /* Debug */,
				021B79E2299EF8EE0038D665 /* Release */,
			);
			defaultConfigurationIsVisible = 0;
			defaultConfigurationName = Release;
		};
/* End XCConfigurationList section */
	};
	rootObject = 021B79C4299EF8ED0038D665 /* Project object */;
}
