// !$*UTF8*$!
{
	archiveVersion = 1;
	classes = {
	};
	objectVersion = 56;
	objects = {

/* Begin PBXBuildFile section */
		02A83E1D29B65AC800D8C398 /* AppDelegate.swift in Sources */ = {isa = PBXBuildFile; fileRef = 02A83E1C29B65AC800D8C398 /* AppDelegate.swift */; };
		02A83E1F29B65AC800D8C398 /* SceneDelegate.swift in Sources */ = {isa = PBXBuildFile; fileRef = 02A83E1E29B65AC800D8C398 /* SceneDelegate.swift */; };
		02A83E2129B65AC800D8C398 /* ViewController.swift in Sources */ = {isa = PBXBuildFile; fileRef = 02A83E2029B65AC800D8C398 /* ViewController.swift */; };
		02A83E2629B65AC900D8C398 /* Assets.xcassets in Resources */ = {isa = PBXBuildFile; fileRef = 02A83E2529B65AC900D8C398 /* Assets.xcassets */; };
		02A83E2929B65AC900D8C398 /* LaunchScreen.storyboard in Resources */ = {isa = PBXBuildFile; fileRef = 02A83E2729B65AC900D8C398 /* LaunchScreen.storyboard */; };
		02A83E3429B65B7900D8C398 /* HomeViewController.swift in Sources */ = {isa = PBXBuildFile; fileRef = 02A83E3329B65B7900D8C398 /* HomeViewController.swift */; };
		02A83E3629B65B9000D8C398 /* HomeScreen.swift in Sources */ = {isa = PBXBuildFile; fileRef = 02A83E3529B65B9000D8C398 /* HomeScreen.swift */; };
		02A83E3A29B65E0F00D8C398 /* Story.swift in Sources */ = {isa = PBXBuildFile; fileRef = 02A83E3929B65E0F00D8C398 /* Story.swift */; };
		02A83E3C29B65E4400D8C398 /* Post.swift in Sources */ = {isa = PBXBuildFile; fileRef = 02A83E3B29B65E4400D8C398 /* Post.swift */; };
		02A83E3E29B65F4E00D8C398 /* UIView + Extesion.swift in Sources */ = {isa = PBXBuildFile; fileRef = 02A83E3D29B65F4E00D8C398 /* UIView + Extesion.swift */; };
		02A83E4029B661C900D8C398 /* UIColor + Extension.swift in Sources */ = {isa = PBXBuildFile; fileRef = 02A83E3F29B661C900D8C398 /* UIColor + Extension.swift */; };
/* End PBXBuildFile section */

/* Begin PBXFileReference section */
		02A83E1929B65AC800D8C398 /* BackFront-Posts-Stories.app */ = {isa = PBXFileReference; explicitFileType = wrapper.application; includeInIndex = 0; path = "BackFront-Posts-Stories.app"; sourceTree = BUILT_PRODUCTS_DIR; };
		02A83E1C29B65AC800D8C398 /* AppDelegate.swift */ = {isa = PBXFileReference; lastKnownFileType = sourcecode.swift; path = AppDelegate.swift; sourceTree = "<group>"; };
		02A83E1E29B65AC800D8C398 /* SceneDelegate.swift */ = {isa = PBXFileReference; lastKnownFileType = sourcecode.swift; path = SceneDelegate.swift; sourceTree = "<group>"; };
		02A83E2029B65AC800D8C398 /* ViewController.swift */ = {isa = PBXFileReference; lastKnownFileType = sourcecode.swift; path = ViewController.swift; sourceTree = "<group>"; };
		02A83E2529B65AC900D8C398 /* Assets.xcassets */ = {isa = PBXFileReference; lastKnownFileType = folder.assetcatalog; path = Assets.xcassets; sourceTree = "<group>"; };
		02A83E2829B65AC900D8C398 /* Base */ = {isa = PBXFileReference; lastKnownFileType = file.storyboard; name = Base; path = Base.lproj/LaunchScreen.storyboard; sourceTree = "<group>"; };
		02A83E2A29B65AC900D8C398 /* Info.plist */ = {isa = PBXFileReference; lastKnownFileType = text.plist.xml; path = Info.plist; sourceTree = "<group>"; };
		02A83E3329B65B7900D8C398 /* HomeViewController.swift */ = {isa = PBXFileReference; lastKnownFileType = sourcecode.swift; path = HomeViewController.swift; sourceTree = "<group>"; };
		02A83E3529B65B9000D8C398 /* HomeScreen.swift */ = {isa = PBXFileReference; lastKnownFileType = sourcecode.swift; path = HomeScreen.swift; sourceTree = "<group>"; };
		02A83E3929B65E0F00D8C398 /* Story.swift */ = {isa = PBXFileReference; lastKnownFileType = sourcecode.swift; path = Story.swift; sourceTree = "<group>"; };
		02A83E3B29B65E4400D8C398 /* Post.swift */ = {isa = PBXFileReference; lastKnownFileType = sourcecode.swift; path = Post.swift; sourceTree = "<group>"; };
		02A83E3D29B65F4E00D8C398 /* UIView + Extesion.swift */ = {isa = PBXFileReference; lastKnownFileType = sourcecode.swift; path = "UIView + Extesion.swift"; sourceTree = "<group>"; };
		02A83E3F29B661C900D8C398 /* UIColor + Extension.swift */ = {isa = PBXFileReference; lastKnownFileType = sourcecode.swift; path = "UIColor + Extension.swift"; sourceTree = "<group>"; };
/* End PBXFileReference section */

/* Begin PBXFrameworksBuildPhase section */
		02A83E1629B65AC800D8C398 /* Frameworks */ = {
			isa = PBXFrameworksBuildPhase;
			buildActionMask = 2147483647;
			files = (
			);
			runOnlyForDeploymentPostprocessing = 0;
		};
/* End PBXFrameworksBuildPhase section */

/* Begin PBXGroup section */
		02A83E1029B65AC800D8C398 = {
			isa = PBXGroup;
			children = (
				02A83E1B29B65AC800D8C398 /* BackFront-Posts-Stories */,
				02A83E1A29B65AC800D8C398 /* Products */,
			);
			sourceTree = "<group>";
		};
		02A83E1A29B65AC800D8C398 /* Products */ = {
			isa = PBXGroup;
			children = (
				02A83E1929B65AC800D8C398 /* BackFront-Posts-Stories.app */,
			);
			name = Products;
			sourceTree = "<group>";
		};
		02A83E1B29B65AC800D8C398 /* BackFront-Posts-Stories */ = {
			isa = PBXGroup;
			children = (
				02A83E3829B65DE000D8C398 /* Model */,
				02A83E3729B65D6E00D8C398 /* Extension */,
				02A83E3029B65B3D00D8C398 /* Home */,
				02A83E1C29B65AC800D8C398 /* AppDelegate.swift */,
				02A83E1E29B65AC800D8C398 /* SceneDelegate.swift */,
				02A83E2029B65AC800D8C398 /* ViewController.swift */,
				02A83E2529B65AC900D8C398 /* Assets.xcassets */,
				02A83E2729B65AC900D8C398 /* LaunchScreen.storyboard */,
				02A83E2A29B65AC900D8C398 /* Info.plist */,
			);
			path = "BackFront-Posts-Stories";
			sourceTree = "<group>";
		};
		02A83E3029B65B3D00D8C398 /* Home */ = {
			isa = PBXGroup;
			children = (
				02A83E3229B65B4F00D8C398 /* ViewModel */,
				02A83E3129B65B4700D8C398 /* Screen */,
				02A83E3329B65B7900D8C398 /* HomeViewController.swift */,
			);
			path = Home;
			sourceTree = "<group>";
		};
		02A83E3129B65B4700D8C398 /* Screen */ = {
			isa = PBXGroup;
			children = (
				02A83E3529B65B9000D8C398 /* HomeScreen.swift */,
			);
			path = Screen;
			sourceTree = "<group>";
		};
		02A83E3229B65B4F00D8C398 /* ViewModel */ = {
			isa = PBXGroup;
			children = (
			);
			path = ViewModel;
			sourceTree = "<group>";
		};
		02A83E3729B65D6E00D8C398 /* Extension */ = {
			isa = PBXGroup;
			children = (
				02A83E3D29B65F4E00D8C398 /* UIView + Extesion.swift */,
				02A83E3F29B661C900D8C398 /* UIColor + Extension.swift */,
			);
			path = Extension;
			sourceTree = "<group>";
		};
		02A83E3829B65DE000D8C398 /* Model */ = {
			isa = PBXGroup;
			children = (
				02A83E3929B65E0F00D8C398 /* Story.swift */,
				02A83E3B29B65E4400D8C398 /* Post.swift */,
			);
			path = Model;
			sourceTree = "<group>";
		};
/* End PBXGroup section */

/* Begin PBXNativeTarget section */
		02A83E1829B65AC800D8C398 /* BackFront-Posts-Stories */ = {
			isa = PBXNativeTarget;
			buildConfigurationList = 02A83E2D29B65AC900D8C398 /* Build configuration list for PBXNativeTarget "BackFront-Posts-Stories" */;
			buildPhases = (
				02A83E1529B65AC800D8C398 /* Sources */,
				02A83E1629B65AC800D8C398 /* Frameworks */,
				02A83E1729B65AC800D8C398 /* Resources */,
			);
			buildRules = (
			);
			dependencies = (
			);
			name = "BackFront-Posts-Stories";
			productName = "BackFront-Posts-Stories";
			productReference = 02A83E1929B65AC800D8C398 /* BackFront-Posts-Stories.app */;
			productType = "com.apple.product-type.application";
		};
/* End PBXNativeTarget section */

/* Begin PBXProject section */
		02A83E1129B65AC800D8C398 /* Project object */ = {
			isa = PBXProject;
			attributes = {
				BuildIndependentTargetsInParallel = 1;
				LastSwiftUpdateCheck = 1420;
				LastUpgradeCheck = 1420;
				TargetAttributes = {
					02A83E1829B65AC800D8C398 = {
						CreatedOnToolsVersion = 14.2;
					};
				};
			};
			buildConfigurationList = 02A83E1429B65AC800D8C398 /* Build configuration list for PBXProject "BackFront-Posts-Stories" */;
			compatibilityVersion = "Xcode 14.0";
			developmentRegion = en;
			hasScannedForEncodings = 0;
			knownRegions = (
				en,
				Base,
			);
			mainGroup = 02A83E1029B65AC800D8C398;
			productRefGroup = 02A83E1A29B65AC800D8C398 /* Products */;
			projectDirPath = "";
			projectRoot = "";
			targets = (
				02A83E1829B65AC800D8C398 /* BackFront-Posts-Stories */,
			);
		};
/* End PBXProject section */

/* Begin PBXResourcesBuildPhase section */
		02A83E1729B65AC800D8C398 /* Resources */ = {
			isa = PBXResourcesBuildPhase;
			buildActionMask = 2147483647;
			files = (
				02A83E2929B65AC900D8C398 /* LaunchScreen.storyboard in Resources */,
				02A83E2629B65AC900D8C398 /* Assets.xcassets in Resources */,
			);
			runOnlyForDeploymentPostprocessing = 0;
		};
/* End PBXResourcesBuildPhase section */

/* Begin PBXSourcesBuildPhase section */
		02A83E1529B65AC800D8C398 /* Sources */ = {
			isa = PBXSourcesBuildPhase;
			buildActionMask = 2147483647;
			files = (
				02A83E4029B661C900D8C398 /* UIColor + Extension.swift in Sources */,
				02A83E2129B65AC800D8C398 /* ViewController.swift in Sources */,
				02A83E3629B65B9000D8C398 /* HomeScreen.swift in Sources */,
				02A83E1D29B65AC800D8C398 /* AppDelegate.swift in Sources */,
				02A83E1F29B65AC800D8C398 /* SceneDelegate.swift in Sources */,
				02A83E3429B65B7900D8C398 /* HomeViewController.swift in Sources */,
				02A83E3E29B65F4E00D8C398 /* UIView + Extesion.swift in Sources */,
				02A83E3C29B65E4400D8C398 /* Post.swift in Sources */,
				02A83E3A29B65E0F00D8C398 /* Story.swift in Sources */,
			);
			runOnlyForDeploymentPostprocessing = 0;
		};
/* End PBXSourcesBuildPhase section */

/* Begin PBXVariantGroup section */
		02A83E2729B65AC900D8C398 /* LaunchScreen.storyboard */ = {
			isa = PBXVariantGroup;
			children = (
				02A83E2829B65AC900D8C398 /* Base */,
			);
			name = LaunchScreen.storyboard;
			sourceTree = "<group>";
		};
/* End PBXVariantGroup section */

/* Begin XCBuildConfiguration section */
		02A83E2B29B65AC900D8C398 /* Debug */ = {
			isa = XCBuildConfiguration;
			buildSettings = {
				ALWAYS_SEARCH_USER_PATHS = NO;
				CLANG_ANALYZER_NONNULL = YES;
				CLANG_ANALYZER_NUMBER_OBJECT_CONVERSION = YES_AGGRESSIVE;
				CLANG_CXX_LANGUAGE_STANDARD = "gnu++20";
				CLANG_ENABLE_MODULES = YES;
				CLANG_ENABLE_OBJC_ARC = YES;
				CLANG_ENABLE_OBJC_WEAK = YES;
				CLANG_WARN_BLOCK_CAPTURE_AUTORELEASING = YES;
				CLANG_WARN_BOOL_CONVERSION = YES;
				CLANG_WARN_COMMA = YES;
				CLANG_WARN_CONSTANT_CONVERSION = YES;
				CLANG_WARN_DEPRECATED_OBJC_IMPLEMENTATIONS = YES;
				CLANG_WARN_DIRECT_OBJC_ISA_USAGE = YES_ERROR;
				CLANG_WARN_DOCUMENTATION_COMMENTS = YES;
				CLANG_WARN_EMPTY_BODY = YES;
				CLANG_WARN_ENUM_CONVERSION = YES;
				CLANG_WARN_INFINITE_RECURSION = YES;
				CLANG_WARN_INT_CONVERSION = YES;
				CLANG_WARN_NON_LITERAL_NULL_CONVERSION = YES;
				CLANG_WARN_OBJC_IMPLICIT_RETAIN_SELF = YES;
				CLANG_WARN_OBJC_LITERAL_CONVERSION = YES;
				CLANG_WARN_OBJC_ROOT_CLASS = YES_ERROR;
				CLANG_WARN_QUOTED_INCLUDE_IN_FRAMEWORK_HEADER = YES;
				CLANG_WARN_RANGE_LOOP_ANALYSIS = YES;
				CLANG_WARN_STRICT_PROTOTYPES = YES;
				CLANG_WARN_SUSPICIOUS_MOVE = YES;
				CLANG_WARN_UNGUARDED_AVAILABILITY = YES_AGGRESSIVE;
				CLANG_WARN_UNREACHABLE_CODE = YES;
				CLANG_WARN__DUPLICATE_METHOD_MATCH = YES;
				COPY_PHASE_STRIP = NO;
				DEBUG_INFORMATION_FORMAT = dwarf;
				ENABLE_STRICT_OBJC_MSGSEND = YES;
				ENABLE_TESTABILITY = YES;
				GCC_C_LANGUAGE_STANDARD = gnu11;
				GCC_DYNAMIC_NO_PIC = NO;
				GCC_NO_COMMON_BLOCKS = YES;
				GCC_OPTIMIZATION_LEVEL = 0;
				GCC_PREPROCESSOR_DEFINITIONS = (
					"DEBUG=1",
					"$(inherited)",
				);
				GCC_WARN_64_TO_32_BIT_CONVERSION = YES;
				GCC_WARN_ABOUT_RETURN_TYPE = YES_ERROR;
				GCC_WARN_UNDECLARED_SELECTOR = YES;
				GCC_WARN_UNINITIALIZED_AUTOS = YES_AGGRESSIVE;
				GCC_WARN_UNUSED_FUNCTION = YES;
				GCC_WARN_UNUSED_VARIABLE = YES;
				IPHONEOS_DEPLOYMENT_TARGET = 16.2;
				MTL_ENABLE_DEBUG_INFO = INCLUDE_SOURCE;
				MTL_FAST_MATH = YES;
				ONLY_ACTIVE_ARCH = YES;
				SDKROOT = iphoneos;
				SWIFT_ACTIVE_COMPILATION_CONDITIONS = DEBUG;
				SWIFT_OPTIMIZATION_LEVEL = "-Onone";
			};
			name = Debug;
		};
		02A83E2C29B65AC900D8C398 /* Release */ = {
			isa = XCBuildConfiguration;
			buildSettings = {
				ALWAYS_SEARCH_USER_PATHS = NO;
				CLANG_ANALYZER_NONNULL = YES;
				CLANG_ANALYZER_NUMBER_OBJECT_CONVERSION = YES_AGGRESSIVE;
				CLANG_CXX_LANGUAGE_STANDARD = "gnu++20";
				CLANG_ENABLE_MODULES = YES;
				CLANG_ENABLE_OBJC_ARC = YES;
				CLANG_ENABLE_OBJC_WEAK = YES;
				CLANG_WARN_BLOCK_CAPTURE_AUTORELEASING = YES;
				CLANG_WARN_BOOL_CONVERSION = YES;
				CLANG_WARN_COMMA = YES;
				CLANG_WARN_CONSTANT_CONVERSION = YES;
				CLANG_WARN_DEPRECATED_OBJC_IMPLEMENTATIONS = YES;
				CLANG_WARN_DIRECT_OBJC_ISA_USAGE = YES_ERROR;
				CLANG_WARN_DOCUMENTATION_COMMENTS = YES;
				CLANG_WARN_EMPTY_BODY = YES;
				CLANG_WARN_ENUM_CONVERSION = YES;
				CLANG_WARN_INFINITE_RECURSION = YES;
				CLANG_WARN_INT_CONVERSION = YES;
				CLANG_WARN_NON_LITERAL_NULL_CONVERSION = YES;
				CLANG_WARN_OBJC_IMPLICIT_RETAIN_SELF = YES;
				CLANG_WARN_OBJC_LITERAL_CONVERSION = YES;
				CLANG_WARN_OBJC_ROOT_CLASS = YES_ERROR;
				CLANG_WARN_QUOTED_INCLUDE_IN_FRAMEWORK_HEADER = YES;
				CLANG_WARN_RANGE_LOOP_ANALYSIS = YES;
				CLANG_WARN_STRICT_PROTOTYPES = YES;
				CLANG_WARN_SUSPICIOUS_MOVE = YES;
				CLANG_WARN_UNGUARDED_AVAILABILITY = YES_AGGRESSIVE;
				CLANG_WARN_UNREACHABLE_CODE = YES;
				CLANG_WARN__DUPLICATE_METHOD_MATCH = YES;
				COPY_PHASE_STRIP = NO;
				DEBUG_INFORMATION_FORMAT = "dwarf-with-dsym";
				ENABLE_NS_ASSERTIONS = NO;
				ENABLE_STRICT_OBJC_MSGSEND = YES;
				GCC_C_LANGUAGE_STANDARD = gnu11;
				GCC_NO_COMMON_BLOCKS = YES;
				GCC_WARN_64_TO_32_BIT_CONVERSION = YES;
				GCC_WARN_ABOUT_RETURN_TYPE = YES_ERROR;
				GCC_WARN_UNDECLARED_SELECTOR = YES;
				GCC_WARN_UNINITIALIZED_AUTOS = YES_AGGRESSIVE;
				GCC_WARN_UNUSED_FUNCTION = YES;
				GCC_WARN_UNUSED_VARIABLE = YES;
				IPHONEOS_DEPLOYMENT_TARGET = 16.2;
				MTL_ENABLE_DEBUG_INFO = NO;
				MTL_FAST_MATH = YES;
				SDKROOT = iphoneos;
				SWIFT_COMPILATION_MODE = wholemodule;
				SWIFT_OPTIMIZATION_LEVEL = "-O";
				VALIDATE_PRODUCT = YES;
			};
			name = Release;
		};
		02A83E2E29B65AC900D8C398 /* Debug */ = {
			isa = XCBuildConfiguration;
			buildSettings = {
				ASSETCATALOG_COMPILER_APPICON_NAME = AppIcon;
				ASSETCATALOG_COMPILER_GLOBAL_ACCENT_COLOR_NAME = AccentColor;
				CODE_SIGN_STYLE = Automatic;
				CURRENT_PROJECT_VERSION = 1;
				GENERATE_INFOPLIST_FILE = YES;
				INFOPLIST_FILE = "BackFront-Posts-Stories/Info.plist";
				INFOPLIST_KEY_UIApplicationSupportsIndirectInputEvents = YES;
				INFOPLIST_KEY_UILaunchStoryboardName = LaunchScreen;
				INFOPLIST_KEY_UIMainStoryboardFile = "";
				INFOPLIST_KEY_UISupportedInterfaceOrientations_iPad = "UIInterfaceOrientationPortrait UIInterfaceOrientationPortraitUpsideDown UIInterfaceOrientationLandscapeLeft UIInterfaceOrientationLandscapeRight";
				INFOPLIST_KEY_UISupportedInterfaceOrientations_iPhone = "UIInterfaceOrientationPortrait UIInterfaceOrientationLandscapeLeft UIInterfaceOrientationLandscapeRight";
				IPHONEOS_DEPLOYMENT_TARGET = 15.0;
				LD_RUNPATH_SEARCH_PATHS = (
					"$(inherited)",
					"@executable_path/Frameworks",
				);
				MARKETING_VERSION = 1.0;
				PRODUCT_BUNDLE_IDENTIFIER = "br.com.compa.BackFront-Posts-Stories";
				PRODUCT_NAME = "$(TARGET_NAME)";
				SWIFT_EMIT_LOC_STRINGS = YES;
				SWIFT_VERSION = 5.0;
				TARGETED_DEVICE_FAMILY = "1,2";
			};
			name = Debug;
		};
		02A83E2F29B65AC900D8C398 /* Release */ = {
			isa = XCBuildConfiguration;
			buildSettings = {
				ASSETCATALOG_COMPILER_APPICON_NAME = AppIcon;
				ASSETCATALOG_COMPILER_GLOBAL_ACCENT_COLOR_NAME = AccentColor;
				CODE_SIGN_STYLE = Automatic;
				CURRENT_PROJECT_VERSION = 1;
				GENERATE_INFOPLIST_FILE = YES;
				INFOPLIST_FILE = "BackFront-Posts-Stories/Info.plist";
				INFOPLIST_KEY_UIApplicationSupportsIndirectInputEvents = YES;
				INFOPLIST_KEY_UILaunchStoryboardName = LaunchScreen;
				INFOPLIST_KEY_UIMainStoryboardFile = "";
				INFOPLIST_KEY_UISupportedInterfaceOrientations_iPad = "UIInterfaceOrientationPortrait UIInterfaceOrientationPortraitUpsideDown UIInterfaceOrientationLandscapeLeft UIInterfaceOrientationLandscapeRight";
				INFOPLIST_KEY_UISupportedInterfaceOrientations_iPhone = "UIInterfaceOrientationPortrait UIInterfaceOrientationLandscapeLeft UIInterfaceOrientationLandscapeRight";
				IPHONEOS_DEPLOYMENT_TARGET = 15.0;
				LD_RUNPATH_SEARCH_PATHS = (
					"$(inherited)",
					"@executable_path/Frameworks",
				);
				MARKETING_VERSION = 1.0;
				PRODUCT_BUNDLE_IDENTIFIER = "br.com.compa.BackFront-Posts-Stories";
				PRODUCT_NAME = "$(TARGET_NAME)";
				SWIFT_EMIT_LOC_STRINGS = YES;
				SWIFT_VERSION = 5.0;
				TARGETED_DEVICE_FAMILY = "1,2";
			};
			name = Release;
		};
/* End XCBuildConfiguration section */

/* Begin XCConfigurationList section */
		02A83E1429B65AC800D8C398 /* Build configuration list for PBXProject "BackFront-Posts-Stories" */ = {
			isa = XCConfigurationList;
			buildConfigurations = (
				02A83E2B29B65AC900D8C398 /* Debug */,
				02A83E2C29B65AC900D8C398 /* Release */,
			);
			defaultConfigurationIsVisible = 0;
			defaultConfigurationName = Release;
		};
		02A83E2D29B65AC900D8C398 /* Build configuration list for PBXNativeTarget "BackFront-Posts-Stories" */ = {
			isa = XCConfigurationList;
			buildConfigurations = (
				02A83E2E29B65AC900D8C398 /* Debug */,
				02A83E2F29B65AC900D8C398 /* Release */,
			);
			defaultConfigurationIsVisible = 0;
			defaultConfigurationName = Release;
		};
/* End XCConfigurationList section */
	};
	rootObject = 02A83E1129B65AC800D8C398 /* Project object */;
}
