// !$*UTF8*$!
{
	archiveVersion = 1;
	classes = {
	};
	objectVersion = 56;
	objects = {

/* Begin PBXBuildFile section */
		0213762329AA970C0099EA87 /* AppDelegate.swift in Sources */ = {isa = PBXBuildFile; fileRef = 0213762229AA970C0099EA87 /* AppDelegate.swift */; };
		0213762529AA970C0099EA87 /* SceneDelegate.swift in Sources */ = {isa = PBXBuildFile; fileRef = 0213762429AA970C0099EA87 /* SceneDelegate.swift */; };
		0213762729AA970C0099EA87 /* ViewController.swift in Sources */ = {isa = PBXBuildFile; fileRef = 0213762629AA970C0099EA87 /* ViewController.swift */; };
		0213762A29AA970C0099EA87 /* Main.storyboard in Resources */ = {isa = PBXBuildFile; fileRef = 0213762829AA970C0099EA87 /* Main.storyboard */; };
		0213762C29AA970C0099EA87 /* Assets.xcassets in Resources */ = {isa = PBXBuildFile; fileRef = 0213762B29AA970C0099EA87 /* Assets.xcassets */; };
		0213762F29AA970C0099EA87 /* LaunchScreen.storyboard in Resources */ = {isa = PBXBuildFile; fileRef = 0213762D29AA970C0099EA87 /* LaunchScreen.storyboard */; };
		0213763A29AA998C0099EA87 /* CarScreen.storyboard in Resources */ = {isa = PBXBuildFile; fileRef = 0213763929AA998C0099EA87 /* CarScreen.storyboard */; };
		0213763C29AA99A10099EA87 /* CarScreen.swift in Sources */ = {isa = PBXBuildFile; fileRef = 0213763B29AA99A10099EA87 /* CarScreen.swift */; };
		0213763E29AA9BA90099EA87 /* Car.swift in Sources */ = {isa = PBXBuildFile; fileRef = 0213763D29AA9BA90099EA87 /* Car.swift */; };
		0213764429AA9DD80099EA87 /* CarCellTableViewCell.swift in Sources */ = {isa = PBXBuildFile; fileRef = 0213764229AA9DD80099EA87 /* CarCellTableViewCell.swift */; };
		0213764529AA9DD80099EA87 /* CarCellTableViewCell.xib in Resources */ = {isa = PBXBuildFile; fileRef = 0213764329AA9DD80099EA87 /* CarCellTableViewCell.xib */; };
		0213764829AAA64E0099EA87 /* CarCollectionViewCell.swift in Sources */ = {isa = PBXBuildFile; fileRef = 0213764629AAA64E0099EA87 /* CarCollectionViewCell.swift */; };
		0213764929AAA64E0099EA87 /* CarCollectionViewCell.xib in Resources */ = {isa = PBXBuildFile; fileRef = 0213764729AAA64E0099EA87 /* CarCollectionViewCell.xib */; };
/* End PBXBuildFile section */

/* Begin PBXFileReference section */
		0213761F29AA970C0099EA87 /* BackFront-CollectionView.app */ = {isa = PBXFileReference; explicitFileType = wrapper.application; includeInIndex = 0; path = "BackFront-CollectionView.app"; sourceTree = BUILT_PRODUCTS_DIR; };
		0213762229AA970C0099EA87 /* AppDelegate.swift */ = {isa = PBXFileReference; lastKnownFileType = sourcecode.swift; path = AppDelegate.swift; sourceTree = "<group>"; };
		0213762429AA970C0099EA87 /* SceneDelegate.swift */ = {isa = PBXFileReference; lastKnownFileType = sourcecode.swift; path = SceneDelegate.swift; sourceTree = "<group>"; };
		0213762629AA970C0099EA87 /* ViewController.swift */ = {isa = PBXFileReference; lastKnownFileType = sourcecode.swift; path = ViewController.swift; sourceTree = "<group>"; };
		0213762929AA970C0099EA87 /* Base */ = {isa = PBXFileReference; lastKnownFileType = file.storyboard; name = Base; path = Base.lproj/Main.storyboard; sourceTree = "<group>"; };
		0213762B29AA970C0099EA87 /* Assets.xcassets */ = {isa = PBXFileReference; lastKnownFileType = folder.assetcatalog; path = Assets.xcassets; sourceTree = "<group>"; };
		0213762E29AA970C0099EA87 /* Base */ = {isa = PBXFileReference; lastKnownFileType = file.storyboard; name = Base; path = Base.lproj/LaunchScreen.storyboard; sourceTree = "<group>"; };
		0213763029AA970C0099EA87 /* Info.plist */ = {isa = PBXFileReference; lastKnownFileType = text.plist.xml; path = Info.plist; sourceTree = "<group>"; };
		0213763929AA998C0099EA87 /* CarScreen.storyboard */ = {isa = PBXFileReference; lastKnownFileType = file.storyboard; path = CarScreen.storyboard; sourceTree = "<group>"; };
		0213763B29AA99A10099EA87 /* CarScreen.swift */ = {isa = PBXFileReference; lastKnownFileType = sourcecode.swift; path = CarScreen.swift; sourceTree = "<group>"; };
		0213763D29AA9BA90099EA87 /* Car.swift */ = {isa = PBXFileReference; lastKnownFileType = sourcecode.swift; path = Car.swift; sourceTree = "<group>"; };
		0213764229AA9DD80099EA87 /* CarCellTableViewCell.swift */ = {isa = PBXFileReference; lastKnownFileType = sourcecode.swift; path = CarCellTableViewCell.swift; sourceTree = "<group>"; };
		0213764329AA9DD80099EA87 /* CarCellTableViewCell.xib */ = {isa = PBXFileReference; lastKnownFileType = file.xib; path = CarCellTableViewCell.xib; sourceTree = "<group>"; };
		0213764629AAA64E0099EA87 /* CarCollectionViewCell.swift */ = {isa = PBXFileReference; lastKnownFileType = sourcecode.swift; path = CarCollectionViewCell.swift; sourceTree = "<group>"; };
		0213764729AAA64E0099EA87 /* CarCollectionViewCell.xib */ = {isa = PBXFileReference; lastKnownFileType = file.xib; path = CarCollectionViewCell.xib; sourceTree = "<group>"; };
/* End PBXFileReference section */

/* Begin PBXFrameworksBuildPhase section */
		0213761C29AA970C0099EA87 /* Frameworks */ = {
			isa = PBXFrameworksBuildPhase;
			buildActionMask = 2147483647;
			files = (
			);
			runOnlyForDeploymentPostprocessing = 0;
		};
/* End PBXFrameworksBuildPhase section */

/* Begin PBXGroup section */
		0213761629AA970C0099EA87 = {
			isa = PBXGroup;
			children = (
				0213762129AA970C0099EA87 /* BackFront-CollectionView */,
				0213762029AA970C0099EA87 /* Products */,
			);
			sourceTree = "<group>";
		};
		0213762029AA970C0099EA87 /* Products */ = {
			isa = PBXGroup;
			children = (
				0213761F29AA970C0099EA87 /* BackFront-CollectionView.app */,
			);
			name = Products;
			sourceTree = "<group>";
		};
		0213762129AA970C0099EA87 /* BackFront-CollectionView */ = {
			isa = PBXGroup;
			children = (
				0213763829AA98ED0099EA87 /* Components */,
				0213763729AA98D30099EA87 /* Model */,
				0213763629AA98C80099EA87 /* Screen */,
				0213762229AA970C0099EA87 /* AppDelegate.swift */,
				0213762429AA970C0099EA87 /* SceneDelegate.swift */,
				0213762629AA970C0099EA87 /* ViewController.swift */,
				0213762829AA970C0099EA87 /* Main.storyboard */,
				0213762B29AA970C0099EA87 /* Assets.xcassets */,
				0213762D29AA970C0099EA87 /* LaunchScreen.storyboard */,
				0213763029AA970C0099EA87 /* Info.plist */,
			);
			path = "BackFront-CollectionView";
			sourceTree = "<group>";
		};
		0213763629AA98C80099EA87 /* Screen */ = {
			isa = PBXGroup;
			children = (
				0213763B29AA99A10099EA87 /* CarScreen.swift */,
				0213763929AA998C0099EA87 /* CarScreen.storyboard */,
			);
			path = Screen;
			sourceTree = "<group>";
		};
		0213763729AA98D30099EA87 /* Model */ = {
			isa = PBXGroup;
			children = (
				0213763D29AA9BA90099EA87 /* Car.swift */,
			);
			path = Model;
			sourceTree = "<group>";
		};
		0213763829AA98ED0099EA87 /* Components */ = {
			isa = PBXGroup;
			children = (
				0213764029AA9D460099EA87 /* CollectionViewCell */,
				0213763F29AA9D3D0099EA87 /* TableViewCell */,
			);
			path = Components;
			sourceTree = "<group>";
		};
		0213763F29AA9D3D0099EA87 /* TableViewCell */ = {
			isa = PBXGroup;
			children = (
				0213764129AA9D660099EA87 /* Car */,
			);
			path = TableViewCell;
			sourceTree = "<group>";
		};
		0213764029AA9D460099EA87 /* CollectionViewCell */ = {
			isa = PBXGroup;
			children = (
				0213764629AAA64E0099EA87 /* CarCollectionViewCell.swift */,
				0213764729AAA64E0099EA87 /* CarCollectionViewCell.xib */,
			);
			path = CollectionViewCell;
			sourceTree = "<group>";
		};
		0213764129AA9D660099EA87 /* Car */ = {
			isa = PBXGroup;
			children = (
				0213764229AA9DD80099EA87 /* CarCellTableViewCell.swift */,
				0213764329AA9DD80099EA87 /* CarCellTableViewCell.xib */,
			);
			path = Car;
			sourceTree = "<group>";
		};
/* End PBXGroup section */

/* Begin PBXNativeTarget section */
		0213761E29AA970C0099EA87 /* BackFront-CollectionView */ = {
			isa = PBXNativeTarget;
			buildConfigurationList = 0213763329AA970C0099EA87 /* Build configuration list for PBXNativeTarget "BackFront-CollectionView" */;
			buildPhases = (
				0213761B29AA970C0099EA87 /* Sources */,
				0213761C29AA970C0099EA87 /* Frameworks */,
				0213761D29AA970C0099EA87 /* Resources */,
			);
			buildRules = (
			);
			dependencies = (
			);
			name = "BackFront-CollectionView";
			productName = "BackFront-CollectionView";
			productReference = 0213761F29AA970C0099EA87 /* BackFront-CollectionView.app */;
			productType = "com.apple.product-type.application";
		};
/* End PBXNativeTarget section */

/* Begin PBXProject section */
		0213761729AA970C0099EA87 /* Project object */ = {
			isa = PBXProject;
			attributes = {
				BuildIndependentTargetsInParallel = 1;
				LastSwiftUpdateCheck = 1420;
				LastUpgradeCheck = 1420;
				TargetAttributes = {
					0213761E29AA970C0099EA87 = {
						CreatedOnToolsVersion = 14.2;
					};
				};
			};
			buildConfigurationList = 0213761A29AA970C0099EA87 /* Build configuration list for PBXProject "BackFront-CollectionView" */;
			compatibilityVersion = "Xcode 14.0";
			developmentRegion = en;
			hasScannedForEncodings = 0;
			knownRegions = (
				en,
				Base,
			);
			mainGroup = 0213761629AA970C0099EA87;
			productRefGroup = 0213762029AA970C0099EA87 /* Products */;
			projectDirPath = "";
			projectRoot = "";
			targets = (
				0213761E29AA970C0099EA87 /* BackFront-CollectionView */,
			);
		};
/* End PBXProject section */

/* Begin PBXResourcesBuildPhase section */
		0213761D29AA970C0099EA87 /* Resources */ = {
			isa = PBXResourcesBuildPhase;
			buildActionMask = 2147483647;
			files = (
				0213764529AA9DD80099EA87 /* CarCellTableViewCell.xib in Resources */,
				0213762F29AA970C0099EA87 /* LaunchScreen.storyboard in Resources */,
				0213763A29AA998C0099EA87 /* CarScreen.storyboard in Resources */,
				0213762C29AA970C0099EA87 /* Assets.xcassets in Resources */,
				0213762A29AA970C0099EA87 /* Main.storyboard in Resources */,
				0213764929AAA64E0099EA87 /* CarCollectionViewCell.xib in Resources */,
			);
			runOnlyForDeploymentPostprocessing = 0;
		};
/* End PBXResourcesBuildPhase section */

/* Begin PBXSourcesBuildPhase section */
		0213761B29AA970C0099EA87 /* Sources */ = {
			isa = PBXSourcesBuildPhase;
			buildActionMask = 2147483647;
			files = (
				0213763C29AA99A10099EA87 /* CarScreen.swift in Sources */,
				0213764829AAA64E0099EA87 /* CarCollectionViewCell.swift in Sources */,
				0213762729AA970C0099EA87 /* ViewController.swift in Sources */,
				0213764429AA9DD80099EA87 /* CarCellTableViewCell.swift in Sources */,
				0213763E29AA9BA90099EA87 /* Car.swift in Sources */,
				0213762329AA970C0099EA87 /* AppDelegate.swift in Sources */,
				0213762529AA970C0099EA87 /* SceneDelegate.swift in Sources */,
			);
			runOnlyForDeploymentPostprocessing = 0;
		};
/* End PBXSourcesBuildPhase section */

/* Begin PBXVariantGroup section */
		0213762829AA970C0099EA87 /* Main.storyboard */ = {
			isa = PBXVariantGroup;
			children = (
				0213762929AA970C0099EA87 /* Base */,
			);
			name = Main.storyboard;
			sourceTree = "<group>";
		};
		0213762D29AA970C0099EA87 /* LaunchScreen.storyboard */ = {
			isa = PBXVariantGroup;
			children = (
				0213762E29AA970C0099EA87 /* Base */,
			);
			name = LaunchScreen.storyboard;
			sourceTree = "<group>";
		};
/* End PBXVariantGroup section */

/* Begin XCBuildConfiguration section */
		0213763129AA970C0099EA87 /* Debug */ = {
			isa = XCBuildConfiguration;
			buildSettings = {
				ALWAYS_SEARCH_USER_PATHS = NO;
				CLANG_ANALYZER_NONNULL = YES;
				CLANG_ANALYZER_NUMBER_OBJECT_CONVERSION = YES_AGGRESSIVE;
				CLANG_CXX_LANGUAGE_STANDARD = "gnu++20";
				CLANG_ENABLE_MODULES = YES;
				CLANG_ENABLE_OBJC_ARC = YES;
				CLANG_ENABLE_OBJC_WEAK = YES;
				CLANG_WARN_BLOCK_CAPTURE_AUTORELEASING = YES;
				CLANG_WARN_BOOL_CONVERSION = YES;
				CLANG_WARN_COMMA = YES;
				CLANG_WARN_CONSTANT_CONVERSION = YES;
				CLANG_WARN_DEPRECATED_OBJC_IMPLEMENTATIONS = YES;
				CLANG_WARN_DIRECT_OBJC_ISA_USAGE = YES_ERROR;
				CLANG_WARN_DOCUMENTATION_COMMENTS = YES;
				CLANG_WARN_EMPTY_BODY = YES;
				CLANG_WARN_ENUM_CONVERSION = YES;
				CLANG_WARN_INFINITE_RECURSION = YES;
				CLANG_WARN_INT_CONVERSION = YES;
				CLANG_WARN_NON_LITERAL_NULL_CONVERSION = YES;
				CLANG_WARN_OBJC_IMPLICIT_RETAIN_SELF = YES;
				CLANG_WARN_OBJC_LITERAL_CONVERSION = YES;
				CLANG_WARN_OBJC_ROOT_CLASS = YES_ERROR;
				CLANG_WARN_QUOTED_INCLUDE_IN_FRAMEWORK_HEADER = YES;
				CLANG_WARN_RANGE_LOOP_ANALYSIS = YES;
				CLANG_WARN_STRICT_PROTOTYPES = YES;
				CLANG_WARN_SUSPICIOUS_MOVE = YES;
				CLANG_WARN_UNGUARDED_AVAILABILITY = YES_AGGRESSIVE;
				CLANG_WARN_UNREACHABLE_CODE = YES;
				CLANG_WARN__DUPLICATE_METHOD_MATCH = YES;
				COPY_PHASE_STRIP = NO;
				DEBUG_INFORMATION_FORMAT = dwarf;
				ENABLE_STRICT_OBJC_MSGSEND = YES;
				ENABLE_TESTABILITY = YES;
				GCC_C_LANGUAGE_STANDARD = gnu11;
				GCC_DYNAMIC_NO_PIC = NO;
				GCC_NO_COMMON_BLOCKS = YES;
				GCC_OPTIMIZATION_LEVEL = 0;
				GCC_PREPROCESSOR_DEFINITIONS = (
					"DEBUG=1",
					"$(inherited)",
				);
				GCC_WARN_64_TO_32_BIT_CONVERSION = YES;
				GCC_WARN_ABOUT_RETURN_TYPE = YES_ERROR;
				GCC_WARN_UNDECLARED_SELECTOR = YES;
				GCC_WARN_UNINITIALIZED_AUTOS = YES_AGGRESSIVE;
				GCC_WARN_UNUSED_FUNCTION = YES;
				GCC_WARN_UNUSED_VARIABLE = YES;
				IPHONEOS_DEPLOYMENT_TARGET = 16.2;
				MTL_ENABLE_DEBUG_INFO = INCLUDE_SOURCE;
				MTL_FAST_MATH = YES;
				ONLY_ACTIVE_ARCH = YES;
				SDKROOT = iphoneos;
				SWIFT_ACTIVE_COMPILATION_CONDITIONS = DEBUG;
				SWIFT_OPTIMIZATION_LEVEL = "-Onone";
			};
			name = Debug;
		};
		0213763229AA970C0099EA87 /* Release */ = {
			isa = XCBuildConfiguration;
			buildSettings = {
				ALWAYS_SEARCH_USER_PATHS = NO;
				CLANG_ANALYZER_NONNULL = YES;
				CLANG_ANALYZER_NUMBER_OBJECT_CONVERSION = YES_AGGRESSIVE;
				CLANG_CXX_LANGUAGE_STANDARD = "gnu++20";
				CLANG_ENABLE_MODULES = YES;
				CLANG_ENABLE_OBJC_ARC = YES;
				CLANG_ENABLE_OBJC_WEAK = YES;
				CLANG_WARN_BLOCK_CAPTURE_AUTORELEASING = YES;
				CLANG_WARN_BOOL_CONVERSION = YES;
				CLANG_WARN_COMMA = YES;
				CLANG_WARN_CONSTANT_CONVERSION = YES;
				CLANG_WARN_DEPRECATED_OBJC_IMPLEMENTATIONS = YES;
				CLANG_WARN_DIRECT_OBJC_ISA_USAGE = YES_ERROR;
				CLANG_WARN_DOCUMENTATION_COMMENTS = YES;
				CLANG_WARN_EMPTY_BODY = YES;
				CLANG_WARN_ENUM_CONVERSION = YES;
				CLANG_WARN_INFINITE_RECURSION = YES;
				CLANG_WARN_INT_CONVERSION = YES;
				CLANG_WARN_NON_LITERAL_NULL_CONVERSION = YES;
				CLANG_WARN_OBJC_IMPLICIT_RETAIN_SELF = YES;
				CLANG_WARN_OBJC_LITERAL_CONVERSION = YES;
				CLANG_WARN_OBJC_ROOT_CLASS = YES_ERROR;
				CLANG_WARN_QUOTED_INCLUDE_IN_FRAMEWORK_HEADER = YES;
				CLANG_WARN_RANGE_LOOP_ANALYSIS = YES;
				CLANG_WARN_STRICT_PROTOTYPES = YES;
				CLANG_WARN_SUSPICIOUS_MOVE = YES;
				CLANG_WARN_UNGUARDED_AVAILABILITY = YES_AGGRESSIVE;
				CLANG_WARN_UNREACHABLE_CODE = YES;
				CLANG_WARN__DUPLICATE_METHOD_MATCH = YES;
				COPY_PHASE_STRIP = NO;
				DEBUG_INFORMATION_FORMAT = "dwarf-with-dsym";
				ENABLE_NS_ASSERTIONS = NO;
				ENABLE_STRICT_OBJC_MSGSEND = YES;
				GCC_C_LANGUAGE_STANDARD = gnu11;
				GCC_NO_COMMON_BLOCKS = YES;
				GCC_WARN_64_TO_32_BIT_CONVERSION = YES;
				GCC_WARN_ABOUT_RETURN_TYPE = YES_ERROR;
				GCC_WARN_UNDECLARED_SELECTOR = YES;
				GCC_WARN_UNINITIALIZED_AUTOS = YES_AGGRESSIVE;
				GCC_WARN_UNUSED_FUNCTION = YES;
				GCC_WARN_UNUSED_VARIABLE = YES;
				IPHONEOS_DEPLOYMENT_TARGET = 16.2;
				MTL_ENABLE_DEBUG_INFO = NO;
				MTL_FAST_MATH = YES;
				SDKROOT = iphoneos;
				SWIFT_COMPILATION_MODE = wholemodule;
				SWIFT_OPTIMIZATION_LEVEL = "-O";
				VALIDATE_PRODUCT = YES;
			};
			name = Release;
		};
		0213763429AA970C0099EA87 /* Debug */ = {
			isa = XCBuildConfiguration;
			buildSettings = {
				ASSETCATALOG_COMPILER_APPICON_NAME = AppIcon;
				ASSETCATALOG_COMPILER_GLOBAL_ACCENT_COLOR_NAME = AccentColor;
				CODE_SIGN_STYLE = Automatic;
				CURRENT_PROJECT_VERSION = 1;
				GENERATE_INFOPLIST_FILE = YES;
				INFOPLIST_FILE = "BackFront-CollectionView/Info.plist";
				INFOPLIST_KEY_UIApplicationSupportsIndirectInputEvents = YES;
				INFOPLIST_KEY_UILaunchStoryboardName = LaunchScreen;
				INFOPLIST_KEY_UIMainStoryboardFile = Main;
				INFOPLIST_KEY_UISupportedInterfaceOrientations_iPad = "UIInterfaceOrientationPortrait UIInterfaceOrientationPortraitUpsideDown UIInterfaceOrientationLandscapeLeft UIInterfaceOrientationLandscapeRight";
				INFOPLIST_KEY_UISupportedInterfaceOrientations_iPhone = "UIInterfaceOrientationPortrait UIInterfaceOrientationLandscapeLeft UIInterfaceOrientationLandscapeRight";
				LD_RUNPATH_SEARCH_PATHS = (
					"$(inherited)",
					"@executable_path/Frameworks",
				);
				MARKETING_VERSION = 1.0;
				PRODUCT_BUNDLE_IDENTIFIER = "br.com.compa.BackFront-CollectionView";
				PRODUCT_NAME = "$(TARGET_NAME)";
				SWIFT_EMIT_LOC_STRINGS = YES;
				SWIFT_VERSION = 5.0;
				TARGETED_DEVICE_FAMILY = "1,2";
			};
			name = Debug;
		};
		0213763529AA970C0099EA87 /* Release */ = {
			isa = XCBuildConfiguration;
			buildSettings = {
				ASSETCATALOG_COMPILER_APPICON_NAME = AppIcon;
				ASSETCATALOG_COMPILER_GLOBAL_ACCENT_COLOR_NAME = AccentColor;
				CODE_SIGN_STYLE = Automatic;
				CURRENT_PROJECT_VERSION = 1;
				GENERATE_INFOPLIST_FILE = YES;
				INFOPLIST_FILE = "BackFront-CollectionView/Info.plist";
				INFOPLIST_KEY_UIApplicationSupportsIndirectInputEvents = YES;
				INFOPLIST_KEY_UILaunchStoryboardName = LaunchScreen;
				INFOPLIST_KEY_UIMainStoryboardFile = Main;
				INFOPLIST_KEY_UISupportedInterfaceOrientations_iPad = "UIInterfaceOrientationPortrait UIInterfaceOrientationPortraitUpsideDown UIInterfaceOrientationLandscapeLeft UIInterfaceOrientationLandscapeRight";
				INFOPLIST_KEY_UISupportedInterfaceOrientations_iPhone = "UIInterfaceOrientationPortrait UIInterfaceOrientationLandscapeLeft UIInterfaceOrientationLandscapeRight";
				LD_RUNPATH_SEARCH_PATHS = (
					"$(inherited)",
					"@executable_path/Frameworks",
				);
				MARKETING_VERSION = 1.0;
				PRODUCT_BUNDLE_IDENTIFIER = "br.com.compa.BackFront-CollectionView";
				PRODUCT_NAME = "$(TARGET_NAME)";
				SWIFT_EMIT_LOC_STRINGS = YES;
				SWIFT_VERSION = 5.0;
				TARGETED_DEVICE_FAMILY = "1,2";
			};
			name = Release;
		};
/* End XCBuildConfiguration section */

/* Begin XCConfigurationList section */
		0213761A29AA970C0099EA87 /* Build configuration list for PBXProject "BackFront-CollectionView" */ = {
			isa = XCConfigurationList;
			buildConfigurations = (
				0213763129AA970C0099EA87 /* Debug */,
				0213763229AA970C0099EA87 /* Release */,
			);
			defaultConfigurationIsVisible = 0;
			defaultConfigurationName = Release;
		};
		0213763329AA970C0099EA87 /* Build configuration list for PBXNativeTarget "BackFront-CollectionView" */ = {
			isa = XCConfigurationList;
			buildConfigurations = (
				0213763429AA970C0099EA87 /* Debug */,
				0213763529AA970C0099EA87 /* Release */,
			);
			defaultConfigurationIsVisible = 0;
			defaultConfigurationName = Release;
		};
/* End XCConfigurationList section */
	};
	rootObject = 0213761729AA970C0099EA87 /* Project object */;
}
