// !$*UTF8*$!
{
	archiveVersion = 1;
	classes = {
	};
	objectVersion = 56;
	objects = {

/* Begin PBXBuildFile section */
		02BE037F29A821930088FBFA /* AppDelegate.swift in Sources */ = {isa = PBXBuildFile; fileRef = 02BE037E29A821930088FBFA /* AppDelegate.swift */; };
		02BE038129A821930088FBFA /* SceneDelegate.swift in Sources */ = {isa = PBXBuildFile; fileRef = 02BE038029A821930088FBFA /* SceneDelegate.swift */; };
		02BE038329A821930088FBFA /* ViewController.swift in Sources */ = {isa = PBXBuildFile; fileRef = 02BE038229A821930088FBFA /* ViewController.swift */; };
		02BE038629A821930088FBFA /* Main.storyboard in Resources */ = {isa = PBXBuildFile; fileRef = 02BE038429A821930088FBFA /* Main.storyboard */; };
		02BE038829A821950088FBFA /* Assets.xcassets in Resources */ = {isa = PBXBuildFile; fileRef = 02BE038729A821950088FBFA /* Assets.xcassets */; };
		02BE038B29A821950088FBFA /* LaunchScreen.storyboard in Resources */ = {isa = PBXBuildFile; fileRef = 02BE038929A821950088FBFA /* LaunchScreen.storyboard */; };
		02BE039329A824F10088FBFA /* ModalStoryboard.storyboard in Resources */ = {isa = PBXBuildFile; fileRef = 02BE039229A824F10088FBFA /* ModalStoryboard.storyboard */; };
		02BE039529A825320088FBFA /* ModalViewController.swift in Sources */ = {isa = PBXBuildFile; fileRef = 02BE039429A825320088FBFA /* ModalViewController.swift */; };
		02BE039729A83A3C0088FBFA /* NavigationStoryboard.storyboard in Resources */ = {isa = PBXBuildFile; fileRef = 02BE039629A83A3C0088FBFA /* NavigationStoryboard.storyboard */; };
		02BE039929A83CAF0088FBFA /* NavigationViewController.swift in Sources */ = {isa = PBXBuildFile; fileRef = 02BE039829A83CAF0088FBFA /* NavigationViewController.swift */; };
/* End PBXBuildFile section */

/* Begin PBXFileReference section */
		02BE037B29A821930088FBFA /* BackFront-NavigationCorrect.app */ = {isa = PBXFileReference; explicitFileType = wrapper.application; includeInIndex = 0; path = "BackFront-NavigationCorrect.app"; sourceTree = BUILT_PRODUCTS_DIR; };
		02BE037E29A821930088FBFA /* AppDelegate.swift */ = {isa = PBXFileReference; lastKnownFileType = sourcecode.swift; path = AppDelegate.swift; sourceTree = "<group>"; };
		02BE038029A821930088FBFA /* SceneDelegate.swift */ = {isa = PBXFileReference; lastKnownFileType = sourcecode.swift; path = SceneDelegate.swift; sourceTree = "<group>"; };
		02BE038229A821930088FBFA /* ViewController.swift */ = {isa = PBXFileReference; lastKnownFileType = sourcecode.swift; path = ViewController.swift; sourceTree = "<group>"; };
		02BE038529A821930088FBFA /* Base */ = {isa = PBXFileReference; lastKnownFileType = file.storyboard; name = Base; path = Base.lproj/Main.storyboard; sourceTree = "<group>"; };
		02BE038729A821950088FBFA /* Assets.xcassets */ = {isa = PBXFileReference; lastKnownFileType = folder.assetcatalog; path = Assets.xcassets; sourceTree = "<group>"; };
		02BE038A29A821950088FBFA /* Base */ = {isa = PBXFileReference; lastKnownFileType = file.storyboard; name = Base; path = Base.lproj/LaunchScreen.storyboard; sourceTree = "<group>"; };
		02BE038C29A821950088FBFA /* Info.plist */ = {isa = PBXFileReference; lastKnownFileType = text.plist.xml; path = Info.plist; sourceTree = "<group>"; };
		02BE039229A824F10088FBFA /* ModalStoryboard.storyboard */ = {isa = PBXFileReference; lastKnownFileType = file.storyboard; path = ModalStoryboard.storyboard; sourceTree = "<group>"; };
		02BE039429A825320088FBFA /* ModalViewController.swift */ = {isa = PBXFileReference; lastKnownFileType = sourcecode.swift; path = ModalViewController.swift; sourceTree = "<group>"; };
		02BE039629A83A3C0088FBFA /* NavigationStoryboard.storyboard */ = {isa = PBXFileReference; lastKnownFileType = file.storyboard; path = NavigationStoryboard.storyboard; sourceTree = "<group>"; };
		02BE039829A83CAF0088FBFA /* NavigationViewController.swift */ = {isa = PBXFileReference; lastKnownFileType = sourcecode.swift; path = NavigationViewController.swift; sourceTree = "<group>"; };
/* End PBXFileReference section */

/* Begin PBXFrameworksBuildPhase section */
		02BE037829A821930088FBFA /* Frameworks */ = {
			isa = PBXFrameworksBuildPhase;
			buildActionMask = 2147483647;
			files = (
			);
			runOnlyForDeploymentPostprocessing = 0;
		};
/* End PBXFrameworksBuildPhase section */

/* Begin PBXGroup section */
		02BE037229A821930088FBFA = {
			isa = PBXGroup;
			children = (
				02BE037D29A821930088FBFA /* BackFront-NavigationCorrect */,
				02BE037C29A821930088FBFA /* Products */,
			);
			sourceTree = "<group>";
		};
		02BE037C29A821930088FBFA /* Products */ = {
			isa = PBXGroup;
			children = (
				02BE037B29A821930088FBFA /* BackFront-NavigationCorrect.app */,
			);
			name = Products;
			sourceTree = "<group>";
		};
		02BE037D29A821930088FBFA /* BackFront-NavigationCorrect */ = {
			isa = PBXGroup;
			children = (
				02BE037E29A821930088FBFA /* AppDelegate.swift */,
				02BE038029A821930088FBFA /* SceneDelegate.swift */,
				02BE038229A821930088FBFA /* ViewController.swift */,
				02BE038429A821930088FBFA /* Main.storyboard */,
				02BE038729A821950088FBFA /* Assets.xcassets */,
				02BE038929A821950088FBFA /* LaunchScreen.storyboard */,
				02BE038C29A821950088FBFA /* Info.plist */,
				02BE039429A825320088FBFA /* ModalViewController.swift */,
				02BE039229A824F10088FBFA /* ModalStoryboard.storyboard */,
				02BE039829A83CAF0088FBFA /* NavigationViewController.swift */,
				02BE039629A83A3C0088FBFA /* NavigationStoryboard.storyboard */,
			);
			path = "BackFront-NavigationCorrect";
			sourceTree = "<group>";
		};
/* End PBXGroup section */

/* Begin PBXNativeTarget section */
		02BE037A29A821930088FBFA /* BackFront-NavigationCorrect */ = {
			isa = PBXNativeTarget;
			buildConfigurationList = 02BE038F29A821950088FBFA /* Build configuration list for PBXNativeTarget "BackFront-NavigationCorrect" */;
			buildPhases = (
				02BE037729A821930088FBFA /* Sources */,
				02BE037829A821930088FBFA /* Frameworks */,
				02BE037929A821930088FBFA /* Resources */,
			);
			buildRules = (
			);
			dependencies = (
			);
			name = "BackFront-NavigationCorrect";
			productName = "BackFront-NavigationCorrect";
			productReference = 02BE037B29A821930088FBFA /* BackFront-NavigationCorrect.app */;
			productType = "com.apple.product-type.application";
		};
/* End PBXNativeTarget section */

/* Begin PBXProject section */
		02BE037329A821930088FBFA /* Project object */ = {
			isa = PBXProject;
			attributes = {
				BuildIndependentTargetsInParallel = 1;
				LastSwiftUpdateCheck = 1420;
				LastUpgradeCheck = 1420;
				TargetAttributes = {
					02BE037A29A821930088FBFA = {
						CreatedOnToolsVersion = 14.2;
					};
				};
			};
			buildConfigurationList = 02BE037629A821930088FBFA /* Build configuration list for PBXProject "BackFront-NavigationCorrect" */;
			compatibilityVersion = "Xcode 14.0";
			developmentRegion = en;
			hasScannedForEncodings = 0;
			knownRegions = (
				en,
				Base,
			);
			mainGroup = 02BE037229A821930088FBFA;
			productRefGroup = 02BE037C29A821930088FBFA /* Products */;
			projectDirPath = "";
			projectRoot = "";
			targets = (
				02BE037A29A821930088FBFA /* BackFront-NavigationCorrect */,
			);
		};
/* End PBXProject section */

/* Begin PBXResourcesBuildPhase section */
		02BE037929A821930088FBFA /* Resources */ = {
			isa = PBXResourcesBuildPhase;
			buildActionMask = 2147483647;
			files = (
				02BE038B29A821950088FBFA /* LaunchScreen.storyboard in Resources */,
				02BE038829A821950088FBFA /* Assets.xcassets in Resources */,
				02BE038629A821930088FBFA /* Main.storyboard in Resources */,
				02BE039729A83A3C0088FBFA /* NavigationStoryboard.storyboard in Resources */,
				02BE039329A824F10088FBFA /* ModalStoryboard.storyboard in Resources */,
			);
			runOnlyForDeploymentPostprocessing = 0;
		};
/* End PBXResourcesBuildPhase section */

/* Begin PBXSourcesBuildPhase section */
		02BE037729A821930088FBFA /* Sources */ = {
			isa = PBXSourcesBuildPhase;
			buildActionMask = 2147483647;
			files = (
				02BE039529A825320088FBFA /* ModalViewController.swift in Sources */,
				02BE038329A821930088FBFA /* ViewController.swift in Sources */,
				02BE037F29A821930088FBFA /* AppDelegate.swift in Sources */,
				02BE039929A83CAF0088FBFA /* NavigationViewController.swift in Sources */,
				02BE038129A821930088FBFA /* SceneDelegate.swift in Sources */,
			);
			runOnlyForDeploymentPostprocessing = 0;
		};
/* End PBXSourcesBuildPhase section */

/* Begin PBXVariantGroup section */
		02BE038429A821930088FBFA /* Main.storyboard */ = {
			isa = PBXVariantGroup;
			children = (
				02BE038529A821930088FBFA /* Base */,
			);
			name = Main.storyboard;
			sourceTree = "<group>";
		};
		02BE038929A821950088FBFA /* LaunchScreen.storyboard */ = {
			isa = PBXVariantGroup;
			children = (
				02BE038A29A821950088FBFA /* Base */,
			);
			name = LaunchScreen.storyboard;
			sourceTree = "<group>";
		};
/* End PBXVariantGroup section */

/* Begin XCBuildConfiguration section */
		02BE038D29A821950088FBFA /* Debug */ = {
			isa = XCBuildConfiguration;
			buildSettings = {
				ALWAYS_SEARCH_USER_PATHS = NO;
				CLANG_ANALYZER_NONNULL = YES;
				CLANG_ANALYZER_NUMBER_OBJECT_CONVERSION = YES_AGGRESSIVE;
				CLANG_CXX_LANGUAGE_STANDARD = "gnu++20";
				CLANG_ENABLE_MODULES = YES;
				CLANG_ENABLE_OBJC_ARC = YES;
				CLANG_ENABLE_OBJC_WEAK = YES;
				CLANG_WARN_BLOCK_CAPTURE_AUTORELEASING = YES;
				CLANG_WARN_BOOL_CONVERSION = YES;
				CLANG_WARN_COMMA = YES;
				CLANG_WARN_CONSTANT_CONVERSION = YES;
				CLANG_WARN_DEPRECATED_OBJC_IMPLEMENTATIONS = YES;
				CLANG_WARN_DIRECT_OBJC_ISA_USAGE = YES_ERROR;
				CLANG_WARN_DOCUMENTATION_COMMENTS = YES;
				CLANG_WARN_EMPTY_BODY = YES;
				CLANG_WARN_ENUM_CONVERSION = YES;
				CLANG_WARN_INFINITE_RECURSION = YES;
				CLANG_WARN_INT_CONVERSION = YES;
				CLANG_WARN_NON_LITERAL_NULL_CONVERSION = YES;
				CLANG_WARN_OBJC_IMPLICIT_RETAIN_SELF = YES;
				CLANG_WARN_OBJC_LITERAL_CONVERSION = YES;
				CLANG_WARN_OBJC_ROOT_CLASS = YES_ERROR;
				CLANG_WARN_QUOTED_INCLUDE_IN_FRAMEWORK_HEADER = YES;
				CLANG_WARN_RANGE_LOOP_ANALYSIS = YES;
				CLANG_WARN_STRICT_PROTOTYPES = YES;
				CLANG_WARN_SUSPICIOUS_MOVE = YES;
				CLANG_WARN_UNGUARDED_AVAILABILITY = YES_AGGRESSIVE;
				CLANG_WARN_UNREACHABLE_CODE = YES;
				CLANG_WARN__DUPLICATE_METHOD_MATCH = YES;
				COPY_PHASE_STRIP = NO;
				DEBUG_INFORMATION_FORMAT = dwarf;
				ENABLE_STRICT_OBJC_MSGSEND = YES;
				ENABLE_TESTABILITY = YES;
				GCC_C_LANGUAGE_STANDARD = gnu11;
				GCC_DYNAMIC_NO_PIC = NO;
				GCC_NO_COMMON_BLOCKS = YES;
				GCC_OPTIMIZATION_LEVEL = 0;
				GCC_PREPROCESSOR_DEFINITIONS = (
					"DEBUG=1",
					"$(inherited)",
				);
				GCC_WARN_64_TO_32_BIT_CONVERSION = YES;
				GCC_WARN_ABOUT_RETURN_TYPE = YES_ERROR;
				GCC_WARN_UNDECLARED_SELECTOR = YES;
				GCC_WARN_UNINITIALIZED_AUTOS = YES_AGGRESSIVE;
				GCC_WARN_UNUSED_FUNCTION = YES;
				GCC_WARN_UNUSED_VARIABLE = YES;
				IPHONEOS_DEPLOYMENT_TARGET = 16.2;
				MTL_ENABLE_DEBUG_INFO = INCLUDE_SOURCE;
				MTL_FAST_MATH = YES;
				ONLY_ACTIVE_ARCH = YES;
				SDKROOT = iphoneos;
				SWIFT_ACTIVE_COMPILATION_CONDITIONS = DEBUG;
				SWIFT_OPTIMIZATION_LEVEL = "-Onone";
			};
			name = Debug;
		};
		02BE038E29A821950088FBFA /* Release */ = {
			isa = XCBuildConfiguration;
			buildSettings = {
				ALWAYS_SEARCH_USER_PATHS = NO;
				CLANG_ANALYZER_NONNULL = YES;
				CLANG_ANALYZER_NUMBER_OBJECT_CONVERSION = YES_AGGRESSIVE;
				CLANG_CXX_LANGUAGE_STANDARD = "gnu++20";
				CLANG_ENABLE_MODULES = YES;
				CLANG_ENABLE_OBJC_ARC = YES;
				CLANG_ENABLE_OBJC_WEAK = YES;
				CLANG_WARN_BLOCK_CAPTURE_AUTORELEASING = YES;
				CLANG_WARN_BOOL_CONVERSION = YES;
				CLANG_WARN_COMMA = YES;
				CLANG_WARN_CONSTANT_CONVERSION = YES;
				CLANG_WARN_DEPRECATED_OBJC_IMPLEMENTATIONS = YES;
				CLANG_WARN_DIRECT_OBJC_ISA_USAGE = YES_ERROR;
				CLANG_WARN_DOCUMENTATION_COMMENTS = YES;
				CLANG_WARN_EMPTY_BODY = YES;
				CLANG_WARN_ENUM_CONVERSION = YES;
				CLANG_WARN_INFINITE_RECURSION = YES;
				CLANG_WARN_INT_CONVERSION = YES;
				CLANG_WARN_NON_LITERAL_NULL_CONVERSION = YES;
				CLANG_WARN_OBJC_IMPLICIT_RETAIN_SELF = YES;
				CLANG_WARN_OBJC_LITERAL_CONVERSION = YES;
				CLANG_WARN_OBJC_ROOT_CLASS = YES_ERROR;
				CLANG_WARN_QUOTED_INCLUDE_IN_FRAMEWORK_HEADER = YES;
				CLANG_WARN_RANGE_LOOP_ANALYSIS = YES;
				CLANG_WARN_STRICT_PROTOTYPES = YES;
				CLANG_WARN_SUSPICIOUS_MOVE = YES;
				CLANG_WARN_UNGUARDED_AVAILABILITY = YES_AGGRESSIVE;
				CLANG_WARN_UNREACHABLE_CODE = YES;
				CLANG_WARN__DUPLICATE_METHOD_MATCH = YES;
				COPY_PHASE_STRIP = NO;
				DEBUG_INFORMATION_FORMAT = "dwarf-with-dsym";
				ENABLE_NS_ASSERTIONS = NO;
				ENABLE_STRICT_OBJC_MSGSEND = YES;
				GCC_C_LANGUAGE_STANDARD = gnu11;
				GCC_NO_COMMON_BLOCKS = YES;
				GCC_WARN_64_TO_32_BIT_CONVERSION = YES;
				GCC_WARN_ABOUT_RETURN_TYPE = YES_ERROR;
				GCC_WARN_UNDECLARED_SELECTOR = YES;
				GCC_WARN_UNINITIALIZED_AUTOS = YES_AGGRESSIVE;
				GCC_WARN_UNUSED_FUNCTION = YES;
				GCC_WARN_UNUSED_VARIABLE = YES;
				IPHONEOS_DEPLOYMENT_TARGET = 16.2;
				MTL_ENABLE_DEBUG_INFO = NO;
				MTL_FAST_MATH = YES;
				SDKROOT = iphoneos;
				SWIFT_COMPILATION_MODE = wholemodule;
				SWIFT_OPTIMIZATION_LEVEL = "-O";
				VALIDATE_PRODUCT = YES;
			};
			name = Release;
		};
		02BE039029A821950088FBFA /* Debug */ = {
			isa = XCBuildConfiguration;
			buildSettings = {
				ASSETCATALOG_COMPILER_APPICON_NAME = AppIcon;
				ASSETCATALOG_COMPILER_GLOBAL_ACCENT_COLOR_NAME = AccentColor;
				CODE_SIGN_STYLE = Automatic;
				CURRENT_PROJECT_VERSION = 1;
				GENERATE_INFOPLIST_FILE = YES;
				INFOPLIST_FILE = "BackFront-NavigationCorrect/Info.plist";
				INFOPLIST_KEY_UIApplicationSupportsIndirectInputEvents = YES;
				INFOPLIST_KEY_UILaunchStoryboardName = LaunchScreen;
				INFOPLIST_KEY_UIMainStoryboardFile = Main;
				INFOPLIST_KEY_UISupportedInterfaceOrientations_iPad = "UIInterfaceOrientationPortrait UIInterfaceOrientationPortraitUpsideDown UIInterfaceOrientationLandscapeLeft UIInterfaceOrientationLandscapeRight";
				INFOPLIST_KEY_UISupportedInterfaceOrientations_iPhone = "UIInterfaceOrientationPortrait UIInterfaceOrientationLandscapeLeft UIInterfaceOrientationLandscapeRight";
				LD_RUNPATH_SEARCH_PATHS = (
					"$(inherited)",
					"@executable_path/Frameworks",
				);
				MARKETING_VERSION = 1.0;
				PRODUCT_BUNDLE_IDENTIFIER = "br.com.compa.BackFront-NavigationCorrect";
				PRODUCT_NAME = "$(TARGET_NAME)";
				SWIFT_EMIT_LOC_STRINGS = YES;
				SWIFT_VERSION = 5.0;
				TARGETED_DEVICE_FAMILY = "1,2";
			};
			name = Debug;
		};
		02BE039129A821950088FBFA /* Release */ = {
			isa = XCBuildConfiguration;
			buildSettings = {
				ASSETCATALOG_COMPILER_APPICON_NAME = AppIcon;
				ASSETCATALOG_COMPILER_GLOBAL_ACCENT_COLOR_NAME = AccentColor;
				CODE_SIGN_STYLE = Automatic;
				CURRENT_PROJECT_VERSION = 1;
				GENERATE_INFOPLIST_FILE = YES;
				INFOPLIST_FILE = "BackFront-NavigationCorrect/Info.plist";
				INFOPLIST_KEY_UIApplicationSupportsIndirectInputEvents = YES;
				INFOPLIST_KEY_UILaunchStoryboardName = LaunchScreen;
				INFOPLIST_KEY_UIMainStoryboardFile = Main;
				INFOPLIST_KEY_UISupportedInterfaceOrientations_iPad = "UIInterfaceOrientationPortrait UIInterfaceOrientationPortraitUpsideDown UIInterfaceOrientationLandscapeLeft UIInterfaceOrientationLandscapeRight";
				INFOPLIST_KEY_UISupportedInterfaceOrientations_iPhone = "UIInterfaceOrientationPortrait UIInterfaceOrientationLandscapeLeft UIInterfaceOrientationLandscapeRight";
				LD_RUNPATH_SEARCH_PATHS = (
					"$(inherited)",
					"@executable_path/Frameworks",
				);
				MARKETING_VERSION = 1.0;
				PRODUCT_BUNDLE_IDENTIFIER = "br.com.compa.BackFront-NavigationCorrect";
				PRODUCT_NAME = "$(TARGET_NAME)";
				SWIFT_EMIT_LOC_STRINGS = YES;
				SWIFT_VERSION = 5.0;
				TARGETED_DEVICE_FAMILY = "1,2";
			};
			name = Release;
		};
/* End XCBuildConfiguration section */

/* Begin XCConfigurationList section */
		02BE037629A821930088FBFA /* Build configuration list for PBXProject "BackFront-NavigationCorrect" */ = {
			isa = XCConfigurationList;
			buildConfigurations = (
				02BE038D29A821950088FBFA /* Debug */,
				02BE038E29A821950088FBFA /* Release */,
			);
			defaultConfigurationIsVisible = 0;
			defaultConfigurationName = Release;
		};
		02BE038F29A821950088FBFA /* Build configuration list for PBXNativeTarget "BackFront-NavigationCorrect" */ = {
			isa = XCConfigurationList;
			buildConfigurations = (
				02BE039029A821950088FBFA /* Debug */,
				02BE039129A821950088FBFA /* Release */,
			);
			defaultConfigurationIsVisible = 0;
			defaultConfigurationName = Release;
		};
/* End XCConfigurationList section */
	};
	rootObject = 02BE037329A821930088FBFA /* Project object */;
}
